// !$*UTF8*$!
{
	archiveVersion = 1;
	classes = {
	};
	objectVersion = 46;
	objects = {

/* Begin PBXBuildFile section */
		188D979A1D215FAF00A90DD7 /* main.m in Sources */ = {isa = PBXBuildFile; fileRef = 188D97991D215FAF00A90DD7 /* main.m */; };
		188D979D1D215FAF00A90DD7 /* AppDelegate.m in Sources */ = {isa = PBXBuildFile; fileRef = 188D979C1D215FAF00A90DD7 /* AppDelegate.m */; };
		188D97A01D215FAF00A90DD7 /* ViewController.m in Sources */ = {isa = PBXBuildFile; fileRef = 188D979F1D215FAF00A90DD7 /* ViewController.m */; };
		188D97A61D215FAF00A90DD7 /* PTT.xcdatamodeld in Sources */ = {isa = PBXBuildFile; fileRef = 188D97A41D215FAF00A90DD7 /* PTT.xcdatamodeld */; };
		188D97A81D215FAF00A90DD7 /* Assets.xcassets in Resources */ = {isa = PBXBuildFile; fileRef = 188D97A71D215FAF00A90DD7 /* Assets.xcassets */; };
		188D97AB1D215FAF00A90DD7 /* LaunchScreen.storyboard in Resources */ = {isa = PBXBuildFile; fileRef = 188D97A91D215FAF00A90DD7 /* LaunchScreen.storyboard */; };
		188D97B61D215FAF00A90DD7 /* PTTTests.m in Sources */ = {isa = PBXBuildFile; fileRef = 188D97B51D215FAF00A90DD7 /* PTTTests.m */; };
		188D97C11D215FAF00A90DD7 /* PTTUITests.m in Sources */ = {isa = PBXBuildFile; fileRef = 188D97C01D215FAF00A90DD7 /* PTTUITests.m */; };
		188D97D21D21FB9A00A90DD7 /* Bmob_iOS_SDK更新历史.txt in Resources */ = {isa = PBXBuildFile; fileRef = 188D97D01D21FB9A00A90DD7 /* Bmob_iOS_SDK更新历史.txt */; };
		188D97D31D21FB9A00A90DD7 /* BmobSDK.framework in Frameworks */ = {isa = PBXBuildFile; fileRef = 188D97D11D21FB9A00A90DD7 /* BmobSDK.framework */; };
		188D97D51D21FBC400A90DD7 /* CoreLocation.framework in Frameworks */ = {isa = PBXBuildFile; fileRef = 188D97D41D21FBC400A90DD7 /* CoreLocation.framework */; };
		188D97D71D21FBD600A90DD7 /* Security.framework in Frameworks */ = {isa = PBXBuildFile; fileRef = 188D97D61D21FBD600A90DD7 /* Security.framework */; };
		188D97D91D21FBE800A90DD7 /* CoreGraphics.framework in Frameworks */ = {isa = PBXBuildFile; fileRef = 188D97D81D21FBE800A90DD7 /* CoreGraphics.framework */; };
		188D97DB1D21FBFE00A90DD7 /* MobileCoreServices.framework in Frameworks */ = {isa = PBXBuildFile; fileRef = 188D97DA1D21FBFE00A90DD7 /* MobileCoreServices.framework */; };
		188D97DD1D21FC0800A90DD7 /* CFNetwork.framework in Frameworks */ = {isa = PBXBuildFile; fileRef = 188D97DC1D21FC0800A90DD7 /* CFNetwork.framework */; };
		188D97DF1D21FC1200A90DD7 /* CoreTelephony.framework in Frameworks */ = {isa = PBXBuildFile; fileRef = 188D97DE1D21FC1200A90DD7 /* CoreTelephony.framework */; };
		188D97E11D21FC1B00A90DD7 /* SystemConfiguration.framework in Frameworks */ = {isa = PBXBuildFile; fileRef = 188D97E01D21FC1B00A90DD7 /* SystemConfiguration.framework */; };
		188D97E31D21FC3500A90DD7 /* libz.1.2.5.tbd in Frameworks */ = {isa = PBXBuildFile; fileRef = 188D97E21D21FC3500A90DD7 /* libz.1.2.5.tbd */; };
		188D97E51D21FC4100A90DD7 /* libicucore.tbd in Frameworks */ = {isa = PBXBuildFile; fileRef = 188D97E41D21FC4100A90DD7 /* libicucore.tbd */; };
		188D97E71D21FC4C00A90DD7 /* libsqlite3.tbd in Frameworks */ = {isa = PBXBuildFile; fileRef = 188D97E61D21FC4C00A90DD7 /* libsqlite3.tbd */; };
		188D97ED1D220EED00A90DD7 /* operation.m in Sources */ = {isa = PBXBuildFile; fileRef = 188D97EC1D220EED00A90DD7 /* operation.m */; };
		188D97FC1D22879E00A90DD7 /* textview.m in Sources */ = {isa = PBXBuildFile; fileRef = 188D97FB1D22879E00A90DD7 /* textview.m */; };
		18E89D8B1D2F40440058414A /* MainPageModel.m in Sources */ = {isa = PBXBuildFile; fileRef = 18E89D8A1D2F40440058414A /* MainPageModel.m */; };
		18E89D8E1D2F7DF80058414A /* model.m in Sources */ = {isa = PBXBuildFile; fileRef = 18E89D8D1D2F7DF80058414A /* model.m */; };
/* End PBXBuildFile section */

/* Begin PBXContainerItemProxy section */
		188D97B21D215FAF00A90DD7 /* PBXContainerItemProxy */ = {
			isa = PBXContainerItemProxy;
			containerPortal = 188D978D1D215FAF00A90DD7 /* Project object */;
			proxyType = 1;
			remoteGlobalIDString = 188D97941D215FAF00A90DD7;
			remoteInfo = PTT;
		};
		188D97BD1D215FAF00A90DD7 /* PBXContainerItemProxy */ = {
			isa = PBXContainerItemProxy;
			containerPortal = 188D978D1D215FAF00A90DD7 /* Project object */;
			proxyType = 1;
			remoteGlobalIDString = 188D97941D215FAF00A90DD7;
			remoteInfo = PTT;
		};
/* End PBXContainerItemProxy section */

/* Begin PBXFileReference section */
		188D97951D215FAF00A90DD7 /* PTT.app */ = {isa = PBXFileReference; explicitFileType = wrapper.application; includeInIndex = 0; path = PTT.app; sourceTree = BUILT_PRODUCTS_DIR; };
		188D97991D215FAF00A90DD7 /* main.m */ = {isa = PBXFileReference; lastKnownFileType = sourcecode.c.objc; path = main.m; sourceTree = "<group>"; };
		188D979B1D215FAF00A90DD7 /* AppDelegate.h */ = {isa = PBXFileReference; lastKnownFileType = sourcecode.c.h; path = AppDelegate.h; sourceTree = "<group>"; };
		188D979C1D215FAF00A90DD7 /* AppDelegate.m */ = {isa = PBXFileReference; lastKnownFileType = sourcecode.c.objc; path = AppDelegate.m; sourceTree = "<group>"; };
		188D979E1D215FAF00A90DD7 /* ViewController.h */ = {isa = PBXFileReference; lastKnownFileType = sourcecode.c.h; path = ViewController.h; sourceTree = "<group>"; };
		188D979F1D215FAF00A90DD7 /* ViewController.m */ = {isa = PBXFileReference; lastKnownFileType = sourcecode.c.objc; path = ViewController.m; sourceTree = "<group>"; };
		188D97A51D215FAF00A90DD7 /* PTT.xcdatamodel */ = {isa = PBXFileReference; lastKnownFileType = wrapper.xcdatamodel; path = PTT.xcdatamodel; sourceTree = "<group>"; };
		188D97A71D215FAF00A90DD7 /* Assets.xcassets */ = {isa = PBXFileReference; lastKnownFileType = folder.assetcatalog; path = Assets.xcassets; sourceTree = "<group>"; };
		188D97AA1D215FAF00A90DD7 /* Base */ = {isa = PBXFileReference; lastKnownFileType = file.storyboard; name = Base; path = Base.lproj/LaunchScreen.storyboard; sourceTree = "<group>"; };
		188D97AC1D215FAF00A90DD7 /* Info.plist */ = {isa = PBXFileReference; lastKnownFileType = text.plist.xml; path = Info.plist; sourceTree = "<group>"; };
		188D97B11D215FAF00A90DD7 /* PTTTests.xctest */ = {isa = PBXFileReference; explicitFileType = wrapper.cfbundle; includeInIndex = 0; path = PTTTests.xctest; sourceTree = BUILT_PRODUCTS_DIR; };
		188D97B51D215FAF00A90DD7 /* PTTTests.m */ = {isa = PBXFileReference; lastKnownFileType = sourcecode.c.objc; path = PTTTests.m; sourceTree = "<group>"; };
		188D97B71D215FAF00A90DD7 /* Info.plist */ = {isa = PBXFileReference; lastKnownFileType = text.plist.xml; path = Info.plist; sourceTree = "<group>"; };
		188D97BC1D215FAF00A90DD7 /* PTTUITests.xctest */ = {isa = PBXFileReference; explicitFileType = wrapper.cfbundle; includeInIndex = 0; path = PTTUITests.xctest; sourceTree = BUILT_PRODUCTS_DIR; };
		188D97C01D215FAF00A90DD7 /* PTTUITests.m */ = {isa = PBXFileReference; lastKnownFileType = sourcecode.c.objc; path = PTTUITests.m; sourceTree = "<group>"; };
		188D97C21D215FAF00A90DD7 /* Info.plist */ = {isa = PBXFileReference; lastKnownFileType = text.plist.xml; path = Info.plist; sourceTree = "<group>"; };
		188D97D01D21FB9A00A90DD7 /* Bmob_iOS_SDK更新历史.txt */ = {isa = PBXFileReference; fileEncoding = 4; lastKnownFileType = text; path = "Bmob_iOS_SDK更新历史.txt"; sourceTree = "<group>"; };
		188D97D11D21FB9A00A90DD7 /* BmobSDK.framework */ = {isa = PBXFileReference; lastKnownFileType = wrapper.framework; path = BmobSDK.framework; sourceTree = "<group>"; };
		188D97D41D21FBC400A90DD7 /* CoreLocation.framework */ = {isa = PBXFileReference; lastKnownFileType = wrapper.framework; name = CoreLocation.framework; path = System/Library/Frameworks/CoreLocation.framework; sourceTree = SDKROOT; };
		188D97D61D21FBD600A90DD7 /* Security.framework */ = {isa = PBXFileReference; lastKnownFileType = wrapper.framework; name = Security.framework; path = System/Library/Frameworks/Security.framework; sourceTree = SDKROOT; };
		188D97D81D21FBE800A90DD7 /* CoreGraphics.framework */ = {isa = PBXFileReference; lastKnownFileType = wrapper.framework; name = CoreGraphics.framework; path = System/Library/Frameworks/CoreGraphics.framework; sourceTree = SDKROOT; };
		188D97DA1D21FBFE00A90DD7 /* MobileCoreServices.framework */ = {isa = PBXFileReference; lastKnownFileType = wrapper.framework; name = MobileCoreServices.framework; path = System/Library/Frameworks/MobileCoreServices.framework; sourceTree = SDKROOT; };
		188D97DC1D21FC0800A90DD7 /* CFNetwork.framework */ = {isa = PBXFileReference; lastKnownFileType = wrapper.framework; name = CFNetwork.framework; path = System/Library/Frameworks/CFNetwork.framework; sourceTree = SDKROOT; };
		188D97DE1D21FC1200A90DD7 /* CoreTelephony.framework */ = {isa = PBXFileReference; lastKnownFileType = wrapper.framework; name = CoreTelephony.framework; path = System/Library/Frameworks/CoreTelephony.framework; sourceTree = SDKROOT; };
		188D97E01D21FC1B00A90DD7 /* SystemConfiguration.framework */ = {isa = PBXFileReference; lastKnownFileType = wrapper.framework; name = SystemConfiguration.framework; path = System/Library/Frameworks/SystemConfiguration.framework; sourceTree = SDKROOT; };
		188D97E21D21FC3500A90DD7 /* libz.1.2.5.tbd */ = {isa = PBXFileReference; lastKnownFileType = "sourcecode.text-based-dylib-definition"; name = libz.1.2.5.tbd; path = usr/lib/libz.1.2.5.tbd; sourceTree = SDKROOT; };
		188D97E41D21FC4100A90DD7 /* libicucore.tbd */ = {isa = PBXFileReference; lastKnownFileType = "sourcecode.text-based-dylib-definition"; name = libicucore.tbd; path = usr/lib/libicucore.tbd; sourceTree = SDKROOT; };
		188D97E61D21FC4C00A90DD7 /* libsqlite3.tbd */ = {isa = PBXFileReference; lastKnownFileType = "sourcecode.text-based-dylib-definition"; name = libsqlite3.tbd; path = usr/lib/libsqlite3.tbd; sourceTree = SDKROOT; };
		188D97EB1D220EED00A90DD7 /* operation.h */ = {isa = PBXFileReference; fileEncoding = 4; lastKnownFileType = sourcecode.c.h; path = operation.h; sourceTree = "<group>"; };
		188D97EC1D220EED00A90DD7 /* operation.m */ = {isa = PBXFileReference; fileEncoding = 4; lastKnownFileType = sourcecode.c.objc; path = operation.m; sourceTree = "<group>"; };
		188D97FA1D22879E00A90DD7 /* textview.h */ = {isa = PBXFileReference; fileEncoding = 4; lastKnownFileType = sourcecode.c.h; path = textview.h; sourceTree = "<group>"; };
		188D97FB1D22879E00A90DD7 /* textview.m */ = {isa = PBXFileReference; fileEncoding = 4; lastKnownFileType = sourcecode.c.objc; path = textview.m; sourceTree = "<group>"; };
		18E89D891D2F40440058414A /* MainPageModel.h */ = {isa = PBXFileReference; fileEncoding = 4; lastKnownFileType = sourcecode.c.h; path = MainPageModel.h; sourceTree = "<group>"; };
		18E89D8A1D2F40440058414A /* MainPageModel.m */ = {isa = PBXFileReference; fileEncoding = 4; lastKnownFileType = sourcecode.c.objc; path = MainPageModel.m; sourceTree = "<group>"; };
		18E89D8C1D2F7DF80058414A /* model.h */ = {isa = PBXFileReference; fileEncoding = 4; lastKnownFileType = sourcecode.c.h; path = model.h; sourceTree = "<group>"; };
		18E89D8D1D2F7DF80058414A /* model.m */ = {isa = PBXFileReference; fileEncoding = 4; lastKnownFileType = sourcecode.c.objc; path = model.m; sourceTree = "<group>"; };
/* End PBXFileReference section */

/* Begin PBXFrameworksBuildPhase section */
		188D97921D215FAF00A90DD7 /* Frameworks */ = {
			isa = PBXFrameworksBuildPhase;
			buildActionMask = 2147483647;
			files = (
				188D97E71D21FC4C00A90DD7 /* libsqlite3.tbd in Frameworks */,
				188D97E51D21FC4100A90DD7 /* libicucore.tbd in Frameworks */,
				188D97E31D21FC3500A90DD7 /* libz.1.2.5.tbd in Frameworks */,
				188D97E11D21FC1B00A90DD7 /* SystemConfiguration.framework in Frameworks */,
				188D97DF1D21FC1200A90DD7 /* CoreTelephony.framework in Frameworks */,
				188D97DD1D21FC0800A90DD7 /* CFNetwork.framework in Frameworks */,
				188D97DB1D21FBFE00A90DD7 /* MobileCoreServices.framework in Frameworks */,
				188D97D91D21FBE800A90DD7 /* CoreGraphics.framework in Frameworks */,
				188D97D71D21FBD600A90DD7 /* Security.framework in Frameworks */,
				188D97D51D21FBC400A90DD7 /* CoreLocation.framework in Frameworks */,
				188D97D31D21FB9A00A90DD7 /* BmobSDK.framework in Frameworks */,
			);
			runOnlyForDeploymentPostprocessing = 0;
		};
		188D97AE1D215FAF00A90DD7 /* Frameworks */ = {
			isa = PBXFrameworksBuildPhase;
			buildActionMask = 2147483647;
			files = (
			);
			runOnlyForDeploymentPostprocessing = 0;
		};
		188D97B91D215FAF00A90DD7 /* Frameworks */ = {
			isa = PBXFrameworksBuildPhase;
			buildActionMask = 2147483647;
			files = (
			);
			runOnlyForDeploymentPostprocessing = 0;
		};
/* End PBXFrameworksBuildPhase section */

/* Begin PBXGroup section */
		188D978C1D215FAF00A90DD7 = {
			isa = PBXGroup;
			children = (
				188D97CE1D21FB8B00A90DD7 /* frameWork */,
				188D97971D215FAF00A90DD7 /* PTT */,
				188D97B41D215FAF00A90DD7 /* PTTTests */,
				188D97BF1D215FAF00A90DD7 /* PTTUITests */,
				188D97961D215FAF00A90DD7 /* Products */,
			);
			sourceTree = "<group>";
		};
		188D97961D215FAF00A90DD7 /* Products */ = {
			isa = PBXGroup;
			children = (
				188D97951D215FAF00A90DD7 /* PTT.app */,
				188D97B11D215FAF00A90DD7 /* PTTTests.xctest */,
				188D97BC1D215FAF00A90DD7 /* PTTUITests.xctest */,
			);
			name = Products;
			sourceTree = "<group>";
		};
		188D97971D215FAF00A90DD7 /* PTT */ = {
			isa = PBXGroup;
			children = (
				188D979B1D215FAF00A90DD7 /* AppDelegate.h */,
				188D979C1D215FAF00A90DD7 /* AppDelegate.m */,
				188D97FA1D22879E00A90DD7 /* textview.h */,
				188D97FB1D22879E00A90DD7 /* textview.m */,
				188D97EB1D220EED00A90DD7 /* operation.h */,
				188D97EC1D220EED00A90DD7 /* operation.m */,
				188D979E1D215FAF00A90DD7 /* ViewController.h */,
				188D979F1D215FAF00A90DD7 /* ViewController.m */,
				188D97A71D215FAF00A90DD7 /* Assets.xcassets */,
				188D97A91D215FAF00A90DD7 /* LaunchScreen.storyboard */,
				188D97AC1D215FAF00A90DD7 /* Info.plist */,
				188D97A41D215FAF00A90DD7 /* PTT.xcdatamodeld */,
				188D97981D215FAF00A90DD7 /* Supporting Files */,
				18E89D891D2F40440058414A /* MainPageModel.h */,
				18E89D8A1D2F40440058414A /* MainPageModel.m */,
				18E89D8C1D2F7DF80058414A /* model.h */,
				18E89D8D1D2F7DF80058414A /* model.m */,
			);
			path = PTT;
			sourceTree = "<group>";
		};
		188D97981D215FAF00A90DD7 /* Supporting Files */ = {
			isa = PBXGroup;
			children = (
				188D97991D215FAF00A90DD7 /* main.m */,
			);
			name = "Supporting Files";
			sourceTree = "<group>";
		};
		188D97B41D215FAF00A90DD7 /* PTTTests */ = {
			isa = PBXGroup;
			children = (
				188D97B51D215FAF00A90DD7 /* PTTTests.m */,
				188D97B71D215FAF00A90DD7 /* Info.plist */,
			);
			path = PTTTests;
			sourceTree = "<group>";
		};
		188D97BF1D215FAF00A90DD7 /* PTTUITests */ = {
			isa = PBXGroup;
			children = (
				188D97C01D215FAF00A90DD7 /* PTTUITests.m */,
				188D97C21D215FAF00A90DD7 /* Info.plist */,
			);
			path = PTTUITests;
			sourceTree = "<group>";
		};
		188D97CE1D21FB8B00A90DD7 /* frameWork */ = {
			isa = PBXGroup;
			children = (
				188D97CF1D21FB9A00A90DD7 /* Bmob_SDK_iOS_v1.7.1 */,
			);
			name = frameWork;
			sourceTree = "<group>";
		};
		188D97CF1D21FB9A00A90DD7 /* Bmob_SDK_iOS_v1.7.1 */ = {
			isa = PBXGroup;
			children = (
				188D97E61D21FC4C00A90DD7 /* libsqlite3.tbd */,
				188D97E41D21FC4100A90DD7 /* libicucore.tbd */,
				188D97E21D21FC3500A90DD7 /* libz.1.2.5.tbd */,
				188D97E01D21FC1B00A90DD7 /* SystemConfiguration.framework */,
				188D97DE1D21FC1200A90DD7 /* CoreTelephony.framework */,
				188D97DC1D21FC0800A90DD7 /* CFNetwork.framework */,
				188D97DA1D21FBFE00A90DD7 /* MobileCoreServices.framework */,
				188D97D81D21FBE800A90DD7 /* CoreGraphics.framework */,
				188D97D61D21FBD600A90DD7 /* Security.framework */,
				188D97D41D21FBC400A90DD7 /* CoreLocation.framework */,
				188D97D01D21FB9A00A90DD7 /* Bmob_iOS_SDK更新历史.txt */,
				188D97D11D21FB9A00A90DD7 /* BmobSDK.framework */,
			);
			path = Bmob_SDK_iOS_v1.7.1;
			sourceTree = "<group>";
		};
/* End PBXGroup section */

/* Begin PBXNativeTarget section */
		188D97941D215FAF00A90DD7 /* PTT */ = {
			isa = PBXNativeTarget;
			buildConfigurationList = 188D97C51D215FAF00A90DD7 /* Build configuration list for PBXNativeTarget "PTT" */;
			buildPhases = (
				188D97911D215FAF00A90DD7 /* Sources */,
				188D97921D215FAF00A90DD7 /* Frameworks */,
				188D97931D215FAF00A90DD7 /* Resources */,
			);
			buildRules = (
			);
			dependencies = (
			);
			name = PTT;
			productName = PTT;
			productReference = 188D97951D215FAF00A90DD7 /* PTT.app */;
			productType = "com.apple.product-type.application";
		};
		188D97B01D215FAF00A90DD7 /* PTTTests */ = {
			isa = PBXNativeTarget;
			buildConfigurationList = 188D97C81D215FAF00A90DD7 /* Build configuration list for PBXNativeTarget "PTTTests" */;
			buildPhases = (
				188D97AD1D215FAF00A90DD7 /* Sources */,
				188D97AE1D215FAF00A90DD7 /* Frameworks */,
				188D97AF1D215FAF00A90DD7 /* Resources */,
			);
			buildRules = (
			);
			dependencies = (
				188D97B31D215FAF00A90DD7 /* PBXTargetDependency */,
			);
			name = PTTTests;
			productName = PTTTests;
			productReference = 188D97B11D215FAF00A90DD7 /* PTTTests.xctest */;
			productType = "com.apple.product-type.bundle.unit-test";
		};
		188D97BB1D215FAF00A90DD7 /* PTTUITests */ = {
			isa = PBXNativeTarget;
			buildConfigurationList = 188D97CB1D215FAF00A90DD7 /* Build configuration list for PBXNativeTarget "PTTUITests" */;
			buildPhases = (
				188D97B81D215FAF00A90DD7 /* Sources */,
				188D97B91D215FAF00A90DD7 /* Frameworks */,
				188D97BA1D215FAF00A90DD7 /* Resources */,
			);
			buildRules = (
			);
			dependencies = (
				188D97BE1D215FAF00A90DD7 /* PBXTargetDependency */,
			);
			name = PTTUITests;
			productName = PTTUITests;
			productReference = 188D97BC1D215FAF00A90DD7 /* PTTUITests.xctest */;
			productType = "com.apple.product-type.bundle.ui-testing";
		};
/* End PBXNativeTarget section */

/* Begin PBXProject section */
		188D978D1D215FAF00A90DD7 /* Project object */ = {
			isa = PBXProject;
			attributes = {
				LastUpgradeCheck = 0730;
				ORGANIZATIONNAME = yueyin;
				TargetAttributes = {
					188D97941D215FAF00A90DD7 = {
						CreatedOnToolsVersion = 7.3.1;
					};
					188D97B01D215FAF00A90DD7 = {
						CreatedOnToolsVersion = 7.3.1;
						TestTargetID = 188D97941D215FAF00A90DD7;
					};
					188D97BB1D215FAF00A90DD7 = {
						CreatedOnToolsVersion = 7.3.1;
						TestTargetID = 188D97941D215FAF00A90DD7;
					};
				};
			};
			buildConfigurationList = 188D97901D215FAF00A90DD7 /* Build configuration list for PBXProject "PTT" */;
			compatibilityVersion = "Xcode 3.2";
			developmentRegion = English;
			hasScannedForEncodings = 0;
			knownRegions = (
				en,
				Base,
			);
			mainGroup = 188D978C1D215FAF00A90DD7;
			productRefGroup = 188D97961D215FAF00A90DD7 /* Products */;
			projectDirPath = "";
			projectRoot = "";
			targets = (
				188D97941D215FAF00A90DD7 /* PTT */,
				188D97B01D215FAF00A90DD7 /* PTTTests */,
				188D97BB1D215FAF00A90DD7 /* PTTUITests */,
			);
		};
/* End PBXProject section */

/* Begin PBXResourcesBuildPhase section */
		188D97931D215FAF00A90DD7 /* Resources */ = {
			isa = PBXResourcesBuildPhase;
			buildActionMask = 2147483647;
			files = (
				188D97AB1D215FAF00A90DD7 /* LaunchScreen.storyboard in Resources */,
				188D97D21D21FB9A00A90DD7 /* Bmob_iOS_SDK更新历史.txt in Resources */,
				188D97A81D215FAF00A90DD7 /* Assets.xcassets in Resources */,
			);
			runOnlyForDeploymentPostprocessing = 0;
		};
		188D97AF1D215FAF00A90DD7 /* Resources */ = {
			isa = PBXResourcesBuildPhase;
			buildActionMask = 2147483647;
			files = (
			);
			runOnlyForDeploymentPostprocessing = 0;
		};
		188D97BA1D215FAF00A90DD7 /* Resources */ = {
			isa = PBXResourcesBuildPhase;
			buildActionMask = 2147483647;
			files = (
			);
			runOnlyForDeploymentPostprocessing = 0;
		};
/* End PBXResourcesBuildPhase section */

/* Begin PBXSourcesBuildPhase section */
		188D97911D215FAF00A90DD7 /* Sources */ = {
			isa = PBXSourcesBuildPhase;
			buildActionMask = 2147483647;
			files = (
				18E89D8B1D2F40440058414A /* MainPageModel.m in Sources */,
				188D97A61D215FAF00A90DD7 /* PTT.xcdatamodeld in Sources */,
				188D97ED1D220EED00A90DD7 /* operation.m in Sources */,
				18E89D8E1D2F7DF80058414A /* model.m in Sources */,
				188D97A01D215FAF00A90DD7 /* ViewController.m in Sources */,
				188D979D1D215FAF00A90DD7 /* AppDelegate.m in Sources */,
				188D979A1D215FAF00A90DD7 /* main.m in Sources */,
				188D97FC1D22879E00A90DD7 /* textview.m in Sources */,
			);
			runOnlyForDeploymentPostprocessing = 0;
		};
		188D97AD1D215FAF00A90DD7 /* Sources */ = {
			isa = PBXSourcesBuildPhase;
			buildActionMask = 2147483647;
			files = (
				188D97B61D215FAF00A90DD7 /* PTTTests.m in Sources */,
			);
			runOnlyForDeploymentPostprocessing = 0;
		};
		188D97B81D215FAF00A90DD7 /* Sources */ = {
			isa = PBXSourcesBuildPhase;
			buildActionMask = 2147483647;
			files = (
				188D97C11D215FAF00A90DD7 /* PTTUITests.m in Sources */,
			);
			runOnlyForDeploymentPostprocessing = 0;
		};
/* End PBXSourcesBuildPhase section */

/* Begin PBXTargetDependency section */
		188D97B31D215FAF00A90DD7 /* PBXTargetDependency */ = {
			isa = PBXTargetDependency;
			target = 188D97941D215FAF00A90DD7 /* PTT */;
			targetProxy = 188D97B21D215FAF00A90DD7 /* PBXContainerItemProxy */;
		};
		188D97BE1D215FAF00A90DD7 /* PBXTargetDependency */ = {
			isa = PBXTargetDependency;
			target = 188D97941D215FAF00A90DD7 /* PTT */;
			targetProxy = 188D97BD1D215FAF00A90DD7 /* PBXContainerItemProxy */;
		};
/* End PBXTargetDependency section */

/* Begin PBXVariantGroup section */
		188D97A91D215FAF00A90DD7 /* LaunchScreen.storyboard */ = {
			isa = PBXVariantGroup;
			children = (
				188D97AA1D215FAF00A90DD7 /* Base */,
			);
			name = LaunchScreen.storyboard;
			sourceTree = "<group>";
		};
/* End PBXVariantGroup section */

/* Begin XCBuildConfiguration section */
		188D97C31D215FAF00A90DD7 /* Debug */ = {
			isa = XCBuildConfiguration;
			buildSettings = {
				ALWAYS_SEARCH_USER_PATHS = NO;
				CLANG_ANALYZER_NONNULL = YES;
				CLANG_CXX_LANGUAGE_STANDARD = "gnu++0x";
				CLANG_CXX_LIBRARY = "libc++";
				CLANG_ENABLE_MODULES = YES;
				CLANG_ENABLE_OBJC_ARC = YES;
				CLANG_WARN_BOOL_CONVERSION = YES;
				CLANG_WARN_CONSTANT_CONVERSION = YES;
				CLANG_WARN_DIRECT_OBJC_ISA_USAGE = YES_ERROR;
				CLANG_WARN_EMPTY_BODY = YES;
				CLANG_WARN_ENUM_CONVERSION = YES;
				CLANG_WARN_INT_CONVERSION = YES;
				CLANG_WARN_OBJC_ROOT_CLASS = YES_ERROR;
				CLANG_WARN_UNREACHABLE_CODE = YES;
				CLANG_WARN__DUPLICATE_METHOD_MATCH = YES;
				"CODE_SIGN_IDENTITY[sdk=iphoneos*]" = "iPhone Developer";
				COPY_PHASE_STRIP = NO;
				DEBUG_INFORMATION_FORMAT = dwarf;
				ENABLE_STRICT_OBJC_MSGSEND = YES;
				ENABLE_TESTABILITY = YES;
				GCC_C_LANGUAGE_STANDARD = gnu99;
				GCC_DYNAMIC_NO_PIC = NO;
				GCC_NO_COMMON_BLOCKS = YES;
				GCC_OPTIMIZATION_LEVEL = 0;
				GCC_PREPROCESSOR_DEFINITIONS = (
					"DEBUG=1",
					"$(inherited)",
				);
				GCC_WARN_64_TO_32_BIT_CONVERSION = YES;
				GCC_WARN_ABOUT_RETURN_TYPE = YES_ERROR;
				GCC_WARN_UNDECLARED_SELECTOR = YES;
				GCC_WARN_UNINITIALIZED_AUTOS = YES_AGGRESSIVE;
				GCC_WARN_UNUSED_FUNCTION = YES;
				GCC_WARN_UNUSED_VARIABLE = YES;
				IPHONEOS_DEPLOYMENT_TARGET = 9.3;
				MTL_ENABLE_DEBUG_INFO = YES;
				ONLY_ACTIVE_ARCH = YES;
				SDKROOT = iphoneos;
				TARGETED_DEVICE_FAMILY = "1,2";
			};
			name = Debug;
		};
		188D97C41D215FAF00A90DD7 /* Release */ = {
			isa = XCBuildConfiguration;
			buildSettings = {
				ALWAYS_SEARCH_USER_PATHS = NO;
				CLANG_ANALYZER_NONNULL = YES;
				CLANG_CXX_LANGUAGE_STANDARD = "gnu++0x";
				CLANG_CXX_LIBRARY = "libc++";
				CLANG_ENABLE_MODULES = YES;
				CLANG_ENABLE_OBJC_ARC = YES;
				CLANG_WARN_BOOL_CONVERSION = YES;
				CLANG_WARN_CONSTANT_CONVERSION = YES;
				CLANG_WARN_DIRECT_OBJC_ISA_USAGE = YES_ERROR;
				CLANG_WARN_EMPTY_BODY = YES;
				CLANG_WARN_ENUM_CONVERSION = YES;
				CLANG_WARN_INT_CONVERSION = YES;
				CLANG_WARN_OBJC_ROOT_CLASS = YES_ERROR;
				CLANG_WARN_UNREACHABLE_CODE = YES;
				CLANG_WARN__DUPLICATE_METHOD_MATCH = YES;
				"CODE_SIGN_IDENTITY[sdk=iphoneos*]" = "iPhone Developer";
				COPY_PHASE_STRIP = NO;
				DEBUG_INFORMATION_FORMAT = "dwarf-with-dsym";
				ENABLE_NS_ASSERTIONS = NO;
				ENABLE_STRICT_OBJC_MSGSEND = YES;
				GCC_C_LANGUAGE_STANDARD = gnu99;
				GCC_NO_COMMON_BLOCKS = YES;
				GCC_WARN_64_TO_32_BIT_CONVERSION = YES;
				GCC_WARN_ABOUT_RETURN_TYPE = YES_ERROR;
				GCC_WARN_UNDECLARED_SELECTOR = YES;
				GCC_WARN_UNINITIALIZED_AUTOS = YES_AGGRESSIVE;
				GCC_WARN_UNUSED_FUNCTION = YES;
				GCC_WARN_UNUSED_VARIABLE = YES;
				IPHONEOS_DEPLOYMENT_TARGET = 9.3;
				MTL_ENABLE_DEBUG_INFO = NO;
				SDKROOT = iphoneos;
				TARGETED_DEVICE_FAMILY = "1,2";
				VALIDATE_PRODUCT = YES;
			};
			name = Release;
		};
		188D97C61D215FAF00A90DD7 /* Debug */ = {
			isa = XCBuildConfiguration;
			buildSettings = {
				ASSETCATALOG_COMPILER_APPICON_NAME = AppIcon;
				FRAMEWORK_SEARCH_PATHS = (
					"$(inherited)",
					"$(PROJECT_DIR)/Bmob_SDK_iOS_v1.7.1",
				);
				INFOPLIST_FILE = PTT/Info.plist;
				LD_RUNPATH_SEARCH_PATHS = "$(inherited) @executable_path/Frameworks";
				PRODUCT_BUNDLE_IDENTIFIER = yueyin.PTT;
				PRODUCT_NAME = "$(TARGET_NAME)";
			};
			name = Debug;
		};
		188D97C71D215FAF00A90DD7 /* Release */ = {
			isa = XCBuildConfiguration;
			buildSettings = {
				ASSETCATALOG_COMPILER_APPICON_NAME = AppIcon;
				FRAMEWORK_SEARCH_PATHS = (
					"$(inherited)",
					"$(PROJECT_DIR)/Bmob_SDK_iOS_v1.7.1",
				);
				INFOPLIST_FILE = PTT/Info.plist;
				LD_RUNPATH_SEARCH_PATHS = "$(inherited) @executable_path/Frameworks";
				PRODUCT_BUNDLE_IDENTIFIER = yueyin.PTT;
				PRODUCT_NAME = "$(TARGET_NAME)";
			};
			name = Release;
		};
		188D97C91D215FAF00A90DD7 /* Debug */ = {
			isa = XCBuildConfiguration;
			buildSettings = {
				BUNDLE_LOADER = "$(TEST_HOST)";
				INFOPLIST_FILE = PTTTests/Info.plist;
				LD_RUNPATH_SEARCH_PATHS = "$(inherited) @executable_path/Frameworks @loader_path/Frameworks";
				PRODUCT_BUNDLE_IDENTIFIER = yueyin.PTTTests;
				PRODUCT_NAME = "$(TARGET_NAME)";
				TEST_HOST = "$(BUILT_PRODUCTS_DIR)/PTT.app/PTT";
			};
			name = Debug;
		};
		188D97CA1D215FAF00A90DD7 /* Release */ = {
			isa = XCBuildConfiguration;
			buildSettings = {
				BUNDLE_LOADER = "$(TEST_HOST)";
				INFOPLIST_FILE = PTTTests/Info.plist;
				LD_RUNPATH_SEARCH_PATHS = "$(inherited) @executable_path/Frameworks @loader_path/Frameworks";
				PRODUCT_BUNDLE_IDENTIFIER = yueyin.PTTTests;
				PRODUCT_NAME = "$(TARGET_NAME)";
				TEST_HOST = "$(BUILT_PRODUCTS_DIR)/PTT.app/PTT";
			};
			name = Release;
		};
		188D97CC1D215FAF00A90DD7 /* Debug */ = {
			isa = XCBuildConfiguration;
			buildSettings = {
				INFOPLIST_FILE = PTTUITests/Info.plist;
				LD_RUNPATH_SEARCH_PATHS = "$(inherited) @executable_path/Frameworks @loader_path/Frameworks";
				PRODUCT_BUNDLE_IDENTIFIER = yueyin.PTTUITests;
				PRODUCT_NAME = "$(TARGET_NAME)";
				TEST_TARGET_NAME = PTT;
			};
			name = Debug;
		};
		188D97CD1D215FAF00A90DD7 /* Release */ = {
			isa = XCBuildConfiguration;
			buildSettings = {
				INFOPLIST_FILE = PTTUITests/Info.plist;
				LD_RUNPATH_SEARCH_PATHS = "$(inherited) @executable_path/Frameworks @loader_path/Frameworks";
				PRODUCT_BUNDLE_IDENTIFIER = yueyin.PTTUITests;
				PRODUCT_NAME = "$(TARGET_NAME)";
				TEST_TARGET_NAME = PTT;
			};
			name = Release;
		};
/* End XCBuildConfiguration section */

/* Begin XCConfigurationList section */
		188D97901D215FAF00A90DD7 /* Build configuration list for PBXProject "PTT" */ = {
			isa = XCConfigurationList;
			buildConfigurations = (
				188D97C31D215FAF00A90DD7 /* Debug */,
				188D97C41D215FAF00A90DD7 /* Release */,
			);
			defaultConfigurationIsVisible = 0;
			defaultConfigurationName = Release;
		};
		188D97C51D215FAF00A90DD7 /* Build configuration list for PBXNativeTarget "PTT" */ = {
			isa = XCConfigurationList;
			buildConfigurations = (
				188D97C61D215FAF00A90DD7 /* Debug */,
				188D97C71D215FAF00A90DD7 /* Release */,
			);
			defaultConfigurationIsVisible = 0;
			defaultConfigurationName = Release;
		};
		188D97C81D215FAF00A90DD7 /* Build configuration list for PBXNativeTarget "PTTTests" */ = {
			isa = XCConfigurationList;
			buildConfigurations = (
				188D97C91D215FAF00A90DD7 /* Debug */,
				188D97CA1D215FAF00A90DD7 /* Release */,
			);
			defaultConfigurationIsVisible = 0;
			defaultConfigurationName = Release;
		};
		188D97CB1D215FAF00A90DD7 /* Build configuration list for PBXNativeTarget "PTTUITests" */ = {
			isa = XCConfigurationList;
			buildConfigurations = (
				188D97CC1D215FAF00A90DD7 /* Debug */,
				188D97CD1D215FAF00A90DD7 /* Release */,
			);
			defaultConfigurationIsVisible = 0;
			defaultConfigurationName = Release;
		};
/* End XCConfigurationList section */

/* Begin XCVersionGroup section */
		188D97A41D215FAF00A90DD7 /* PTT.xcdatamodeld */ = {
			isa = XCVersionGroup;
			children = (
				188D97A51D215FAF00A90DD7 /* PTT.xcdatamodel */,
			);
			currentVersion = 188D97A51D215FAF00A90DD7 /* PTT.xcdatamodel */;
			path = PTT.xcdatamodeld;
			sourceTree = "<group>";
			versionGroupType = wrapper.xcdatamodel;
		};
/* End XCVersionGroup section */
	};
	rootObject = 188D978D1D215FAF00A90DD7 /* Project object */;
}
