// !$*UTF8*$!
{
	archiveVersion = 1;
	classes = {
	};
	objectVersion = 46;
	objects = {

/* Begin PBXBuildFile section */
		1803EB131D30B5CC002A11CC /* YYdataDict.m in Sources */ = {isa = PBXBuildFile; fileRef = 1803EB121D30B5CC002A11CC /* YYdataDict.m */; };
		1803EB161D30C69A002A11CC /* dict.m in Sources */ = {isa = PBXBuildFile; fileRef = 1803EB151D30C69A002A11CC /* dict.m */; };
		1803EB1C1D30DFB5002A11CC /* commentInfo.m in Sources */ = {isa = PBXBuildFile; fileRef = 1803EB1B1D30DFB5002A11CC /* commentInfo.m */; };
		1803EB1F1D30F40B002A11CC /* newMessage.m in Sources */ = {isa = PBXBuildFile; fileRef = 1803EB1E1D30F40B002A11CC /* newMessage.m */; };
		1803EB221D313530002A11CC /* commentsTable.m in Sources */ = {isa = PBXBuildFile; fileRef = 1803EB211D31352F002A11CC /* commentsTable.m */; };
		184952201D27492700E4DF3F /* YY_content_table.m in Sources */ = {isa = PBXBuildFile; fileRef = 1849521F1D27492700E4DF3F /* YY_content_table.m */; };
		18841AC91D2907D800316FC8 /* YY_TextView.m in Sources */ = {isa = PBXBuildFile; fileRef = 18841AC81D2907D800316FC8 /* YY_TextView.m */; };
		18841AD91D2A222C00316FC8 /* arrow.png in Resources */ = {isa = PBXBuildFile; fileRef = 18841ACC1D2A222C00316FC8 /* arrow.png */; };
		18841ADA1D2A222C00316FC8 /* arrow_b.png in Resources */ = {isa = PBXBuildFile; fileRef = 18841ACD1D2A222C00316FC8 /* arrow_b.png */; };
		18841ADB1D2A222C00316FC8 /* cc-write.png in Resources */ = {isa = PBXBuildFile; fileRef = 18841ACE1D2A222C00316FC8 /* cc-write.png */; };
		18841ADC1D2A222C00316FC8 /* delete.png in Resources */ = {isa = PBXBuildFile; fileRef = 18841ACF1D2A222C00316FC8 /* delete.png */; };
		18841ADD1D2A222C00316FC8 /* me.png in Resources */ = {isa = PBXBuildFile; fileRef = 18841AD01D2A222C00316FC8 /* me.png */; };
		18841ADE1D2A222C00316FC8 /* message.png in Resources */ = {isa = PBXBuildFile; fileRef = 18841AD11D2A222C00316FC8 /* message.png */; };
		18841ADF1D2A222C00316FC8 /* qq.png in Resources */ = {isa = PBXBuildFile; fileRef = 18841AD21D2A222C00316FC8 /* qq.png */; };
		18841AE01D2A222C00316FC8 /* search.png in Resources */ = {isa = PBXBuildFile; fileRef = 18841AD31D2A222C00316FC8 /* search.png */; };
		18841AE11D2A222C00316FC8 /* search副本.png in Resources */ = {isa = PBXBuildFile; fileRef = 18841AD41D2A222C00316FC8 /* search副本.png */; };
		18841AE21D2A222C00316FC8 /* weibo.png in Resources */ = {isa = PBXBuildFile; fileRef = 18841AD51D2A222C00316FC8 /* weibo.png */; };
		18841AE31D2A222C00316FC8 /* weixin.png in Resources */ = {isa = PBXBuildFile; fileRef = 18841AD61D2A222C00316FC8 /* weixin.png */; };
		18841AE41D2A222C00316FC8 /* write.png in Resources */ = {isa = PBXBuildFile; fileRef = 18841AD71D2A222C00316FC8 /* write.png */; };
		18841AE51D2A222C00316FC8 /* send.png in Resources */ = {isa = PBXBuildFile; fileRef = 18841AD81D2A222C00316FC8 /* send.png */; };
		188D980B1D2344F300A90DD7 /* main.m in Sources */ = {isa = PBXBuildFile; fileRef = 188D980A1D2344F300A90DD7 /* main.m */; };
		188D980E1D2344F300A90DD7 /* AppDelegate.m in Sources */ = {isa = PBXBuildFile; fileRef = 188D980D1D2344F300A90DD7 /* AppDelegate.m */; };
		188D98111D2344F300A90DD7 /* ViewController.m in Sources */ = {isa = PBXBuildFile; fileRef = 188D98101D2344F300A90DD7 /* ViewController.m */; };
		188D98171D2344F300A90DD7 /* LetsTeasing.xcdatamodeld in Sources */ = {isa = PBXBuildFile; fileRef = 188D98151D2344F300A90DD7 /* LetsTeasing.xcdatamodeld */; };
		188D98191D2344F300A90DD7 /* Assets.xcassets in Resources */ = {isa = PBXBuildFile; fileRef = 188D98181D2344F300A90DD7 /* Assets.xcassets */; };
		188D981C1D2344F300A90DD7 /* LaunchScreen.storyboard in Resources */ = {isa = PBXBuildFile; fileRef = 188D981A1D2344F300A90DD7 /* LaunchScreen.storyboard */; };
		188D98271D2344F300A90DD7 /* LetsTeasingTests.m in Sources */ = {isa = PBXBuildFile; fileRef = 188D98261D2344F300A90DD7 /* LetsTeasingTests.m */; };
		188D98321D2344F300A90DD7 /* LetsTeasingUITests.m in Sources */ = {isa = PBXBuildFile; fileRef = 188D98311D2344F300A90DD7 /* LetsTeasingUITests.m */; };
		188D98431D23458800A90DD7 /* Bmob_iOS_SDK更新历史.txt in Resources */ = {isa = PBXBuildFile; fileRef = 188D98411D23458800A90DD7 /* Bmob_iOS_SDK更新历史.txt */; };
		188D98441D23458800A90DD7 /* BmobSDK.framework in Frameworks */ = {isa = PBXBuildFile; fileRef = 188D98421D23458800A90DD7 /* BmobSDK.framework */; };
		188D98471D23462A00A90DD7 /* operation.m in Sources */ = {isa = PBXBuildFile; fileRef = 188D98461D23462A00A90DD7 /* operation.m */; };
		188D98491D234C0E00A90DD7 /* CoreLocation.framework in Frameworks */ = {isa = PBXBuildFile; fileRef = 188D98481D234C0E00A90DD7 /* CoreLocation.framework */; };
		188D984B1D234C1900A90DD7 /* Security.framework in Frameworks */ = {isa = PBXBuildFile; fileRef = 188D984A1D234C1900A90DD7 /* Security.framework */; };
		188D984D1D234C2400A90DD7 /* CoreGraphics.framework in Frameworks */ = {isa = PBXBuildFile; fileRef = 188D984C1D234C2400A90DD7 /* CoreGraphics.framework */; };
		188D984F1D234C3100A90DD7 /* MobileCoreServices.framework in Frameworks */ = {isa = PBXBuildFile; fileRef = 188D984E1D234C3100A90DD7 /* MobileCoreServices.framework */; };
		188D98511D234C5200A90DD7 /* CFNetwork.framework in Frameworks */ = {isa = PBXBuildFile; fileRef = 188D98501D234C5200A90DD7 /* CFNetwork.framework */; };
		188D98531D234C5B00A90DD7 /* CoreTelephony.framework in Frameworks */ = {isa = PBXBuildFile; fileRef = 188D98521D234C5B00A90DD7 /* CoreTelephony.framework */; };
		188D98551D234C6300A90DD7 /* SystemConfiguration.framework in Frameworks */ = {isa = PBXBuildFile; fileRef = 188D98541D234C6300A90DD7 /* SystemConfiguration.framework */; };
		188D98571D234C6F00A90DD7 /* libz.1.2.5.tbd in Frameworks */ = {isa = PBXBuildFile; fileRef = 188D98561D234C6F00A90DD7 /* libz.1.2.5.tbd */; };
		188D98591D234C7700A90DD7 /* libicucore.tbd in Frameworks */ = {isa = PBXBuildFile; fileRef = 188D98581D234C7700A90DD7 /* libicucore.tbd */; };
		188D985B1D234C8000A90DD7 /* libsqlite3.tbd in Frameworks */ = {isa = PBXBuildFile; fileRef = 188D985A1D234C8000A90DD7 /* libsqlite3.tbd */; };
		188D98CD1D2368E500A90DD7 /* Info.plist in Resources */ = {isa = PBXBuildFile; fileRef = 188D98B31D2368E500A90DD7 /* Info.plist */; };
		188D98CE1D2368E500A90DD7 /* MASCompositeConstraint.m in Sources */ = {isa = PBXBuildFile; fileRef = 188D98B51D2368E500A90DD7 /* MASCompositeConstraint.m */; };
		188D98CF1D2368E500A90DD7 /* MASConstraint.m in Sources */ = {isa = PBXBuildFile; fileRef = 188D98B81D2368E500A90DD7 /* MASConstraint.m */; };
		188D98D01D2368E500A90DD7 /* MASConstraintMaker.m in Sources */ = {isa = PBXBuildFile; fileRef = 188D98BA1D2368E500A90DD7 /* MASConstraintMaker.m */; };
		188D98D11D2368E500A90DD7 /* MASLayoutConstraint.m in Sources */ = {isa = PBXBuildFile; fileRef = 188D98BC1D2368E500A90DD7 /* MASLayoutConstraint.m */; };
		188D98D21D2368E500A90DD7 /* MASViewAttribute.m in Sources */ = {isa = PBXBuildFile; fileRef = 188D98C01D2368E500A90DD7 /* MASViewAttribute.m */; };
		188D98D31D2368E500A90DD7 /* MASViewConstraint.m in Sources */ = {isa = PBXBuildFile; fileRef = 188D98C21D2368E500A90DD7 /* MASViewConstraint.m */; };
		188D98D41D2368E500A90DD7 /* NSArray+MASAdditions.m in Sources */ = {isa = PBXBuildFile; fileRef = 188D98C41D2368E500A90DD7 /* NSArray+MASAdditions.m */; };
		188D98D51D2368E500A90DD7 /* NSLayoutConstraint+MASDebugAdditions.m in Sources */ = {isa = PBXBuildFile; fileRef = 188D98C71D2368E500A90DD7 /* NSLayoutConstraint+MASDebugAdditions.m */; };
		188D98D61D2368E500A90DD7 /* View+MASAdditions.m in Sources */ = {isa = PBXBuildFile; fileRef = 188D98C91D2368E500A90DD7 /* View+MASAdditions.m */; };
		188D98D71D2368E500A90DD7 /* ViewController+MASAdditions.m in Sources */ = {isa = PBXBuildFile; fileRef = 188D98CC1D2368E500A90DD7 /* ViewController+MASAdditions.m */; };
		188D98E31D240EB900A90DD7 /* textCell.m in Sources */ = {isa = PBXBuildFile; fileRef = 188D98E21D240EB900A90DD7 /* textCell.m */; };
		1892F4701D2A401E00FA63E2 /* View_for_Text.m in Sources */ = {isa = PBXBuildFile; fileRef = 1892F46F1D2A401E00FA63E2 /* View_for_Text.m */; };
		18B0C0A01D24E3D400E7BE2C /* YY_base_table.m in Sources */ = {isa = PBXBuildFile; fileRef = 18B0C09F1D24E3D400E7BE2C /* YY_base_table.m */; };
		18B0C1391D2537D500E7BE2C /* Personal_centerViewController.m in Sources */ = {isa = PBXBuildFile; fileRef = 18B0C1381D2537D500E7BE2C /* Personal_centerViewController.m */; };
		18E89D741D2C88D20058414A /* PersonalInfo.m in Sources */ = {isa = PBXBuildFile; fileRef = 18E89D731D2C88D20058414A /* PersonalInfo.m */; };
		18E89D7D1D2CE5070058414A /* changeName.m in Sources */ = {isa = PBXBuildFile; fileRef = 18E89D7C1D2CE5070058414A /* changeName.m */; };
		18E89D801D2E0DFC0058414A /* AlertTextBaseView.m in Sources */ = {isa = PBXBuildFile; fileRef = 18E89D7F1D2E0DFC0058414A /* AlertTextBaseView.m */; };
		18E89D871D2EA7450058414A /* photoChange.m in Sources */ = {isa = PBXBuildFile; fileRef = 18E89D861D2EA7450058414A /* photoChange.m */; };
		18F3F3421D26411600857FF9 /* JCAlertView.bundle in Resources */ = {isa = PBXBuildFile; fileRef = 18F3F33F1D26411600857FF9 /* JCAlertView.bundle */; };
		18F3F3431D26411600857FF9 /* JCAlertView.m in Sources */ = {isa = PBXBuildFile; fileRef = 18F3F3411D26411600857FF9 /* JCAlertView.m */; };
		18F3F3451D26415800857FF9 /* Accelerate.framework in Frameworks */ = {isa = PBXBuildFile; fileRef = 18F3F3441D26415800857FF9 /* Accelerate.framework */; };
		1BBDA6AB671802D83BF1CBFF /* libPods-LetsTeasingUITests.a in Frameworks */ = {isa = PBXBuildFile; fileRef = 0A37611A9EC0F3170ECB00D9 /* libPods-LetsTeasingUITests.a */; };
		3FBF8A083E61CE47DD7A027D /* libPods-LetsTeasingTests.a in Frameworks */ = {isa = PBXBuildFile; fileRef = 43DA9EB818E16D6429248BB4 /* libPods-LetsTeasingTests.a */; };
		E324E381691A51E20308350D /* libPods-LetsTeasing.a in Frameworks */ = {isa = PBXBuildFile; fileRef = 3549A01ED3DE6257DC10D133 /* libPods-LetsTeasing.a */; };
/* End PBXBuildFile section */

/* Begin PBXContainerItemProxy section */
		188D98231D2344F300A90DD7 /* PBXContainerItemProxy */ = {
			isa = PBXContainerItemProxy;
			containerPortal = 188D97FE1D2344F300A90DD7 /* Project object */;
			proxyType = 1;
			remoteGlobalIDString = 188D98051D2344F300A90DD7;
			remoteInfo = LetsTeasing;
		};
		188D982E1D2344F300A90DD7 /* PBXContainerItemProxy */ = {
			isa = PBXContainerItemProxy;
			containerPortal = 188D97FE1D2344F300A90DD7 /* Project object */;
			proxyType = 1;
			remoteGlobalIDString = 188D98051D2344F300A90DD7;
			remoteInfo = LetsTeasing;
		};
/* End PBXContainerItemProxy section */

/* Begin PBXFileReference section */
		0A37611A9EC0F3170ECB00D9 /* libPods-LetsTeasingUITests.a */ = {isa = PBXFileReference; explicitFileType = archive.ar; includeInIndex = 0; path = "libPods-LetsTeasingUITests.a"; sourceTree = BUILT_PRODUCTS_DIR; };
		1803EB111D30B5CC002A11CC /* YYdataDict.h */ = {isa = PBXFileReference; fileEncoding = 4; lastKnownFileType = sourcecode.c.h; path = YYdataDict.h; sourceTree = "<group>"; };
		1803EB121D30B5CC002A11CC /* YYdataDict.m */ = {isa = PBXFileReference; fileEncoding = 4; lastKnownFileType = sourcecode.c.objc; path = YYdataDict.m; sourceTree = "<group>"; };
		1803EB141D30C69A002A11CC /* dict.h */ = {isa = PBXFileReference; fileEncoding = 4; lastKnownFileType = sourcecode.c.h; path = dict.h; sourceTree = "<group>"; };
		1803EB151D30C69A002A11CC /* dict.m */ = {isa = PBXFileReference; fileEncoding = 4; lastKnownFileType = sourcecode.c.objc; path = dict.m; sourceTree = "<group>"; };
		1803EB1A1D30DFB5002A11CC /* commentInfo.h */ = {isa = PBXFileReference; fileEncoding = 4; lastKnownFileType = sourcecode.c.h; path = commentInfo.h; sourceTree = "<group>"; };
		1803EB1B1D30DFB5002A11CC /* commentInfo.m */ = {isa = PBXFileReference; fileEncoding = 4; lastKnownFileType = sourcecode.c.objc; path = commentInfo.m; sourceTree = "<group>"; };
		1803EB1D1D30F40B002A11CC /* newMessage.h */ = {isa = PBXFileReference; fileEncoding = 4; lastKnownFileType = sourcecode.c.h; path = newMessage.h; sourceTree = "<group>"; };
		1803EB1E1D30F40B002A11CC /* newMessage.m */ = {isa = PBXFileReference; fileEncoding = 4; lastKnownFileType = sourcecode.c.objc; path = newMessage.m; sourceTree = "<group>"; };
		1803EB201D31352F002A11CC /* commentsTable.h */ = {isa = PBXFileReference; fileEncoding = 4; lastKnownFileType = sourcecode.c.h; path = commentsTable.h; sourceTree = "<group>"; };
		1803EB211D31352F002A11CC /* commentsTable.m */ = {isa = PBXFileReference; fileEncoding = 4; lastKnownFileType = sourcecode.c.objc; path = commentsTable.m; sourceTree = "<group>"; };
		1849521E1D27492700E4DF3F /* YY_content_table.h */ = {isa = PBXFileReference; fileEncoding = 4; lastKnownFileType = sourcecode.c.h; path = YY_content_table.h; sourceTree = "<group>"; };
		1849521F1D27492700E4DF3F /* YY_content_table.m */ = {isa = PBXFileReference; fileEncoding = 4; lastKnownFileType = sourcecode.c.objc; path = YY_content_table.m; sourceTree = "<group>"; };
		18841AC71D2907D800316FC8 /* YY_TextView.h */ = {isa = PBXFileReference; fileEncoding = 4; lastKnownFileType = sourcecode.c.h; path = YY_TextView.h; sourceTree = "<group>"; };
		18841AC81D2907D800316FC8 /* YY_TextView.m */ = {isa = PBXFileReference; fileEncoding = 4; lastKnownFileType = sourcecode.c.objc; path = YY_TextView.m; sourceTree = "<group>"; };
		18841ACC1D2A222C00316FC8 /* arrow.png */ = {isa = PBXFileReference; lastKnownFileType = image.png; path = arrow.png; sourceTree = "<group>"; };
		18841ACD1D2A222C00316FC8 /* arrow_b.png */ = {isa = PBXFileReference; lastKnownFileType = image.png; path = arrow_b.png; sourceTree = "<group>"; };
		18841ACE1D2A222C00316FC8 /* cc-write.png */ = {isa = PBXFileReference; lastKnownFileType = image.png; path = "cc-write.png"; sourceTree = "<group>"; };
		18841ACF1D2A222C00316FC8 /* delete.png */ = {isa = PBXFileReference; lastKnownFileType = image.png; path = delete.png; sourceTree = "<group>"; };
		18841AD01D2A222C00316FC8 /* me.png */ = {isa = PBXFileReference; lastKnownFileType = image.png; path = me.png; sourceTree = "<group>"; };
		18841AD11D2A222C00316FC8 /* message.png */ = {isa = PBXFileReference; lastKnownFileType = image.png; path = message.png; sourceTree = "<group>"; };
		18841AD21D2A222C00316FC8 /* qq.png */ = {isa = PBXFileReference; lastKnownFileType = image.png; path = qq.png; sourceTree = "<group>"; };
		18841AD31D2A222C00316FC8 /* search.png */ = {isa = PBXFileReference; lastKnownFileType = image.png; path = search.png; sourceTree = "<group>"; };
		18841AD41D2A222C00316FC8 /* search副本.png */ = {isa = PBXFileReference; lastKnownFileType = image.png; path = "search副本.png"; sourceTree = "<group>"; };
		18841AD51D2A222C00316FC8 /* weibo.png */ = {isa = PBXFileReference; lastKnownFileType = image.png; path = weibo.png; sourceTree = "<group>"; };
		18841AD61D2A222C00316FC8 /* weixin.png */ = {isa = PBXFileReference; lastKnownFileType = image.png; path = weixin.png; sourceTree = "<group>"; };
		18841AD71D2A222C00316FC8 /* write.png */ = {isa = PBXFileReference; lastKnownFileType = image.png; path = write.png; sourceTree = "<group>"; };
		18841AD81D2A222C00316FC8 /* send.png */ = {isa = PBXFileReference; lastKnownFileType = image.png; path = send.png; sourceTree = "<group>"; };
		188D98061D2344F300A90DD7 /* lest.app */ = {isa = PBXFileReference; explicitFileType = wrapper.application; includeInIndex = 0; path = lest.app; sourceTree = BUILT_PRODUCTS_DIR; };
		188D980A1D2344F300A90DD7 /* main.m */ = {isa = PBXFileReference; lastKnownFileType = sourcecode.c.objc; path = main.m; sourceTree = "<group>"; };
		188D980C1D2344F300A90DD7 /* AppDelegate.h */ = {isa = PBXFileReference; lastKnownFileType = sourcecode.c.h; path = AppDelegate.h; sourceTree = "<group>"; };
		188D980D1D2344F300A90DD7 /* AppDelegate.m */ = {isa = PBXFileReference; lastKnownFileType = sourcecode.c.objc; path = AppDelegate.m; sourceTree = "<group>"; };
		188D980F1D2344F300A90DD7 /* ViewController.h */ = {isa = PBXFileReference; lastKnownFileType = sourcecode.c.h; path = ViewController.h; sourceTree = "<group>"; };
		188D98101D2344F300A90DD7 /* ViewController.m */ = {isa = PBXFileReference; lastKnownFileType = sourcecode.c.objc; path = ViewController.m; sourceTree = "<group>"; };
		188D98161D2344F300A90DD7 /* LetsTeasing.xcdatamodel */ = {isa = PBXFileReference; lastKnownFileType = wrapper.xcdatamodel; path = LetsTeasing.xcdatamodel; sourceTree = "<group>"; };
		188D98181D2344F300A90DD7 /* Assets.xcassets */ = {isa = PBXFileReference; lastKnownFileType = folder.assetcatalog; path = Assets.xcassets; sourceTree = "<group>"; };
		188D981B1D2344F300A90DD7 /* Base */ = {isa = PBXFileReference; lastKnownFileType = file.storyboard; name = Base; path = Base.lproj/LaunchScreen.storyboard; sourceTree = "<group>"; };
		188D981D1D2344F300A90DD7 /* Info.plist */ = {isa = PBXFileReference; lastKnownFileType = text.plist.xml; path = Info.plist; sourceTree = "<group>"; };
		188D98221D2344F300A90DD7 /* LetsTeasingTests.xctest */ = {isa = PBXFileReference; explicitFileType = wrapper.cfbundle; includeInIndex = 0; path = LetsTeasingTests.xctest; sourceTree = BUILT_PRODUCTS_DIR; };
		188D98261D2344F300A90DD7 /* LetsTeasingTests.m */ = {isa = PBXFileReference; lastKnownFileType = sourcecode.c.objc; path = LetsTeasingTests.m; sourceTree = "<group>"; };
		188D98281D2344F300A90DD7 /* Info.plist */ = {isa = PBXFileReference; lastKnownFileType = text.plist.xml; path = Info.plist; sourceTree = "<group>"; };
		188D982D1D2344F300A90DD7 /* LetsTeasingUITests.xctest */ = {isa = PBXFileReference; explicitFileType = wrapper.cfbundle; includeInIndex = 0; path = LetsTeasingUITests.xctest; sourceTree = BUILT_PRODUCTS_DIR; };
		188D98311D2344F300A90DD7 /* LetsTeasingUITests.m */ = {isa = PBXFileReference; lastKnownFileType = sourcecode.c.objc; path = LetsTeasingUITests.m; sourceTree = "<group>"; };
		188D98331D2344F300A90DD7 /* Info.plist */ = {isa = PBXFileReference; lastKnownFileType = text.plist.xml; path = Info.plist; sourceTree = "<group>"; };
		188D98411D23458800A90DD7 /* Bmob_iOS_SDK更新历史.txt */ = {isa = PBXFileReference; fileEncoding = 4; lastKnownFileType = text; path = "Bmob_iOS_SDK更新历史.txt"; sourceTree = "<group>"; };
		188D98421D23458800A90DD7 /* BmobSDK.framework */ = {isa = PBXFileReference; lastKnownFileType = wrapper.framework; path = BmobSDK.framework; sourceTree = "<group>"; };
		188D98451D23462A00A90DD7 /* operation.h */ = {isa = PBXFileReference; fileEncoding = 4; lastKnownFileType = sourcecode.c.h; path = operation.h; sourceTree = "<group>"; };
		188D98461D23462A00A90DD7 /* operation.m */ = {isa = PBXFileReference; fileEncoding = 4; lastKnownFileType = sourcecode.c.objc; path = operation.m; sourceTree = "<group>"; };
		188D98481D234C0E00A90DD7 /* CoreLocation.framework */ = {isa = PBXFileReference; lastKnownFileType = wrapper.framework; name = CoreLocation.framework; path = System/Library/Frameworks/CoreLocation.framework; sourceTree = SDKROOT; };
		188D984A1D234C1900A90DD7 /* Security.framework */ = {isa = PBXFileReference; lastKnownFileType = wrapper.framework; name = Security.framework; path = System/Library/Frameworks/Security.framework; sourceTree = SDKROOT; };
		188D984C1D234C2400A90DD7 /* CoreGraphics.framework */ = {isa = PBXFileReference; lastKnownFileType = wrapper.framework; name = CoreGraphics.framework; path = System/Library/Frameworks/CoreGraphics.framework; sourceTree = SDKROOT; };
		188D984E1D234C3100A90DD7 /* MobileCoreServices.framework */ = {isa = PBXFileReference; lastKnownFileType = wrapper.framework; name = MobileCoreServices.framework; path = System/Library/Frameworks/MobileCoreServices.framework; sourceTree = SDKROOT; };
		188D98501D234C5200A90DD7 /* CFNetwork.framework */ = {isa = PBXFileReference; lastKnownFileType = wrapper.framework; name = CFNetwork.framework; path = System/Library/Frameworks/CFNetwork.framework; sourceTree = SDKROOT; };
		188D98521D234C5B00A90DD7 /* CoreTelephony.framework */ = {isa = PBXFileReference; lastKnownFileType = wrapper.framework; name = CoreTelephony.framework; path = System/Library/Frameworks/CoreTelephony.framework; sourceTree = SDKROOT; };
		188D98541D234C6300A90DD7 /* SystemConfiguration.framework */ = {isa = PBXFileReference; lastKnownFileType = wrapper.framework; name = SystemConfiguration.framework; path = System/Library/Frameworks/SystemConfiguration.framework; sourceTree = SDKROOT; };
		188D98561D234C6F00A90DD7 /* libz.1.2.5.tbd */ = {isa = PBXFileReference; lastKnownFileType = "sourcecode.text-based-dylib-definition"; name = libz.1.2.5.tbd; path = usr/lib/libz.1.2.5.tbd; sourceTree = SDKROOT; };
		188D98581D234C7700A90DD7 /* libicucore.tbd */ = {isa = PBXFileReference; lastKnownFileType = "sourcecode.text-based-dylib-definition"; name = libicucore.tbd; path = usr/lib/libicucore.tbd; sourceTree = SDKROOT; };
		188D985A1D234C8000A90DD7 /* libsqlite3.tbd */ = {isa = PBXFileReference; lastKnownFileType = "sourcecode.text-based-dylib-definition"; name = libsqlite3.tbd; path = usr/lib/libsqlite3.tbd; sourceTree = SDKROOT; };
		188D98B31D2368E500A90DD7 /* Info.plist */ = {isa = PBXFileReference; fileEncoding = 4; lastKnownFileType = text.plist.xml; path = Info.plist; sourceTree = "<group>"; };
		188D98B41D2368E500A90DD7 /* MASCompositeConstraint.h */ = {isa = PBXFileReference; fileEncoding = 4; lastKnownFileType = sourcecode.c.h; path = MASCompositeConstraint.h; sourceTree = "<group>"; };
		188D98B51D2368E500A90DD7 /* MASCompositeConstraint.m */ = {isa = PBXFileReference; fileEncoding = 4; lastKnownFileType = sourcecode.c.objc; path = MASCompositeConstraint.m; sourceTree = "<group>"; };
		188D98B61D2368E500A90DD7 /* MASConstraint+Private.h */ = {isa = PBXFileReference; fileEncoding = 4; lastKnownFileType = sourcecode.c.h; path = "MASConstraint+Private.h"; sourceTree = "<group>"; };
		188D98B71D2368E500A90DD7 /* MASConstraint.h */ = {isa = PBXFileReference; fileEncoding = 4; lastKnownFileType = sourcecode.c.h; path = MASConstraint.h; sourceTree = "<group>"; };
		188D98B81D2368E500A90DD7 /* MASConstraint.m */ = {isa = PBXFileReference; fileEncoding = 4; lastKnownFileType = sourcecode.c.objc; path = MASConstraint.m; sourceTree = "<group>"; };
		188D98B91D2368E500A90DD7 /* MASConstraintMaker.h */ = {isa = PBXFileReference; fileEncoding = 4; lastKnownFileType = sourcecode.c.h; path = MASConstraintMaker.h; sourceTree = "<group>"; };
		188D98BA1D2368E500A90DD7 /* MASConstraintMaker.m */ = {isa = PBXFileReference; fileEncoding = 4; lastKnownFileType = sourcecode.c.objc; path = MASConstraintMaker.m; sourceTree = "<group>"; };
		188D98BB1D2368E500A90DD7 /* MASLayoutConstraint.h */ = {isa = PBXFileReference; fileEncoding = 4; lastKnownFileType = sourcecode.c.h; path = MASLayoutConstraint.h; sourceTree = "<group>"; };
		188D98BC1D2368E500A90DD7 /* MASLayoutConstraint.m */ = {isa = PBXFileReference; fileEncoding = 4; lastKnownFileType = sourcecode.c.objc; path = MASLayoutConstraint.m; sourceTree = "<group>"; };
		188D98BD1D2368E500A90DD7 /* Masonry.h */ = {isa = PBXFileReference; fileEncoding = 4; lastKnownFileType = sourcecode.c.h; path = Masonry.h; sourceTree = "<group>"; };
		188D98BE1D2368E500A90DD7 /* MASUtilities.h */ = {isa = PBXFileReference; fileEncoding = 4; lastKnownFileType = sourcecode.c.h; path = MASUtilities.h; sourceTree = "<group>"; };
		188D98BF1D2368E500A90DD7 /* MASViewAttribute.h */ = {isa = PBXFileReference; fileEncoding = 4; lastKnownFileType = sourcecode.c.h; path = MASViewAttribute.h; sourceTree = "<group>"; };
		188D98C01D2368E500A90DD7 /* MASViewAttribute.m */ = {isa = PBXFileReference; fileEncoding = 4; lastKnownFileType = sourcecode.c.objc; path = MASViewAttribute.m; sourceTree = "<group>"; };
		188D98C11D2368E500A90DD7 /* MASViewConstraint.h */ = {isa = PBXFileReference; fileEncoding = 4; lastKnownFileType = sourcecode.c.h; path = MASViewConstraint.h; sourceTree = "<group>"; };
		188D98C21D2368E500A90DD7 /* MASViewConstraint.m */ = {isa = PBXFileReference; fileEncoding = 4; lastKnownFileType = sourcecode.c.objc; path = MASViewConstraint.m; sourceTree = "<group>"; };
		188D98C31D2368E500A90DD7 /* NSArray+MASAdditions.h */ = {isa = PBXFileReference; fileEncoding = 4; lastKnownFileType = sourcecode.c.h; path = "NSArray+MASAdditions.h"; sourceTree = "<group>"; };
		188D98C41D2368E500A90DD7 /* NSArray+MASAdditions.m */ = {isa = PBXFileReference; fileEncoding = 4; lastKnownFileType = sourcecode.c.objc; path = "NSArray+MASAdditions.m"; sourceTree = "<group>"; };
		188D98C51D2368E500A90DD7 /* NSArray+MASShorthandAdditions.h */ = {isa = PBXFileReference; fileEncoding = 4; lastKnownFileType = sourcecode.c.h; path = "NSArray+MASShorthandAdditions.h"; sourceTree = "<group>"; };
		188D98C61D2368E500A90DD7 /* NSLayoutConstraint+MASDebugAdditions.h */ = {isa = PBXFileReference; fileEncoding = 4; lastKnownFileType = sourcecode.c.h; path = "NSLayoutConstraint+MASDebugAdditions.h"; sourceTree = "<group>"; };
		188D98C71D2368E500A90DD7 /* NSLayoutConstraint+MASDebugAdditions.m */ = {isa = PBXFileReference; fileEncoding = 4; lastKnownFileType = sourcecode.c.objc; path = "NSLayoutConstraint+MASDebugAdditions.m"; sourceTree = "<group>"; };
		188D98C81D2368E500A90DD7 /* View+MASAdditions.h */ = {isa = PBXFileReference; fileEncoding = 4; lastKnownFileType = sourcecode.c.h; path = "View+MASAdditions.h"; sourceTree = "<group>"; };
		188D98C91D2368E500A90DD7 /* View+MASAdditions.m */ = {isa = PBXFileReference; fileEncoding = 4; lastKnownFileType = sourcecode.c.objc; path = "View+MASAdditions.m"; sourceTree = "<group>"; };
		188D98CA1D2368E500A90DD7 /* View+MASShorthandAdditions.h */ = {isa = PBXFileReference; fileEncoding = 4; lastKnownFileType = sourcecode.c.h; path = "View+MASShorthandAdditions.h"; sourceTree = "<group>"; };
		188D98CB1D2368E500A90DD7 /* ViewController+MASAdditions.h */ = {isa = PBXFileReference; fileEncoding = 4; lastKnownFileType = sourcecode.c.h; path = "ViewController+MASAdditions.h"; sourceTree = "<group>"; };
		188D98CC1D2368E500A90DD7 /* ViewController+MASAdditions.m */ = {isa = PBXFileReference; fileEncoding = 4; lastKnownFileType = sourcecode.c.objc; path = "ViewController+MASAdditions.m"; sourceTree = "<group>"; };
		188D98E11D240EB900A90DD7 /* textCell.h */ = {isa = PBXFileReference; fileEncoding = 4; lastKnownFileType = sourcecode.c.h; path = textCell.h; sourceTree = "<group>"; };
		188D98E21D240EB900A90DD7 /* textCell.m */ = {isa = PBXFileReference; fileEncoding = 4; lastKnownFileType = sourcecode.c.objc; path = textCell.m; sourceTree = "<group>"; };
		1892F46E1D2A401E00FA63E2 /* View_for_Text.h */ = {isa = PBXFileReference; fileEncoding = 4; lastKnownFileType = sourcecode.c.h; path = View_for_Text.h; sourceTree = "<group>"; };
		1892F46F1D2A401E00FA63E2 /* View_for_Text.m */ = {isa = PBXFileReference; fileEncoding = 4; lastKnownFileType = sourcecode.c.objc; path = View_for_Text.m; sourceTree = "<group>"; };
		18B0C09E1D24E3D400E7BE2C /* YY_base_table.h */ = {isa = PBXFileReference; fileEncoding = 4; lastKnownFileType = sourcecode.c.h; path = YY_base_table.h; sourceTree = "<group>"; };
		18B0C09F1D24E3D400E7BE2C /* YY_base_table.m */ = {isa = PBXFileReference; fileEncoding = 4; lastKnownFileType = sourcecode.c.objc; path = YY_base_table.m; sourceTree = "<group>"; };
		18B0C1371D2537D500E7BE2C /* Personal_centerViewController.h */ = {isa = PBXFileReference; fileEncoding = 4; lastKnownFileType = sourcecode.c.h; path = Personal_centerViewController.h; sourceTree = "<group>"; };
		18B0C1381D2537D500E7BE2C /* Personal_centerViewController.m */ = {isa = PBXFileReference; fileEncoding = 4; lastKnownFileType = sourcecode.c.objc; path = Personal_centerViewController.m; sourceTree = "<group>"; };
		18E89D711D2BA7F20058414A /* PrefixHeader.pch */ = {isa = PBXFileReference; lastKnownFileType = sourcecode.c.h; name = PrefixHeader.pch; path = ../PrefixHeader.pch; sourceTree = "<group>"; };
		18E89D721D2C88D20058414A /* PersonalInfo.h */ = {isa = PBXFileReference; fileEncoding = 4; lastKnownFileType = sourcecode.c.h; path = PersonalInfo.h; sourceTree = "<group>"; };
		18E89D731D2C88D20058414A /* PersonalInfo.m */ = {isa = PBXFileReference; fileEncoding = 4; lastKnownFileType = sourcecode.c.objc; path = PersonalInfo.m; sourceTree = "<group>"; };
		18E89D7B1D2CE5070058414A /* changeName.h */ = {isa = PBXFileReference; fileEncoding = 4; lastKnownFileType = sourcecode.c.h; path = changeName.h; sourceTree = "<group>"; };
		18E89D7C1D2CE5070058414A /* changeName.m */ = {isa = PBXFileReference; fileEncoding = 4; lastKnownFileType = sourcecode.c.objc; path = changeName.m; sourceTree = "<group>"; };
		18E89D7E1D2E0DFC0058414A /* AlertTextBaseView.h */ = {isa = PBXFileReference; fileEncoding = 4; lastKnownFileType = sourcecode.c.h; path = AlertTextBaseView.h; sourceTree = "<group>"; };
		18E89D7F1D2E0DFC0058414A /* AlertTextBaseView.m */ = {isa = PBXFileReference; fileEncoding = 4; lastKnownFileType = sourcecode.c.objc; path = AlertTextBaseView.m; sourceTree = "<group>"; };
		18E89D851D2EA7450058414A /* photoChange.h */ = {isa = PBXFileReference; fileEncoding = 4; lastKnownFileType = sourcecode.c.h; path = photoChange.h; sourceTree = "<group>"; };
		18E89D861D2EA7450058414A /* photoChange.m */ = {isa = PBXFileReference; fileEncoding = 4; lastKnownFileType = sourcecode.c.objc; path = photoChange.m; sourceTree = "<group>"; };
		18E89D881D2EA7990058414A /* Header.h */ = {isa = PBXFileReference; lastKnownFileType = sourcecode.c.h; path = Header.h; sourceTree = "<group>"; };
		18F3F33F1D26411600857FF9 /* JCAlertView.bundle */ = {isa = PBXFileReference; lastKnownFileType = "wrapper.plug-in"; path = JCAlertView.bundle; sourceTree = "<group>"; };
		18F3F3401D26411600857FF9 /* JCAlertView.h */ = {isa = PBXFileReference; fileEncoding = 4; lastKnownFileType = sourcecode.c.h; name = JCAlertView.h; path = ../JCAlertView/JCAlertView.h; sourceTree = "<group>"; };
		18F3F3411D26411600857FF9 /* JCAlertView.m */ = {isa = PBXFileReference; fileEncoding = 4; lastKnownFileType = sourcecode.c.objc; name = JCAlertView.m; path = ../JCAlertView/JCAlertView.m; sourceTree = "<group>"; };
		18F3F3441D26415800857FF9 /* Accelerate.framework */ = {isa = PBXFileReference; lastKnownFileType = wrapper.framework; name = Accelerate.framework; path = System/Library/Frameworks/Accelerate.framework; sourceTree = SDKROOT; };
		3549A01ED3DE6257DC10D133 /* libPods-LetsTeasing.a */ = {isa = PBXFileReference; explicitFileType = archive.ar; includeInIndex = 0; path = "libPods-LetsTeasing.a"; sourceTree = BUILT_PRODUCTS_DIR; };
		43DA9EB818E16D6429248BB4 /* libPods-LetsTeasingTests.a */ = {isa = PBXFileReference; explicitFileType = archive.ar; includeInIndex = 0; path = "libPods-LetsTeasingTests.a"; sourceTree = BUILT_PRODUCTS_DIR; };
		7078F004D8FB3207725E0384 /* Pods-LetsTeasingTests.release.xcconfig */ = {isa = PBXFileReference; includeInIndex = 1; lastKnownFileType = text.xcconfig; name = "Pods-LetsTeasingTests.release.xcconfig"; path = "Pods/Target Support Files/Pods-LetsTeasingTests/Pods-LetsTeasingTests.release.xcconfig"; sourceTree = "<group>"; };
		78213B2B4E22EC407098AE85 /* Pods-LetsTeasingUITests.debug.xcconfig */ = {isa = PBXFileReference; includeInIndex = 1; lastKnownFileType = text.xcconfig; name = "Pods-LetsTeasingUITests.debug.xcconfig"; path = "Pods/Target Support Files/Pods-LetsTeasingUITests/Pods-LetsTeasingUITests.debug.xcconfig"; sourceTree = "<group>"; };
		84DEBC2E2A9E322C8025B2FC /* Pods-LetsTeasing.release.xcconfig */ = {isa = PBXFileReference; includeInIndex = 1; lastKnownFileType = text.xcconfig; name = "Pods-LetsTeasing.release.xcconfig"; path = "Pods/Target Support Files/Pods-LetsTeasing/Pods-LetsTeasing.release.xcconfig"; sourceTree = "<group>"; };
		B7A802B5786A8914801E5F0D /* Pods-LetsTeasing.debug.xcconfig */ = {isa = PBXFileReference; includeInIndex = 1; lastKnownFileType = text.xcconfig; name = "Pods-LetsTeasing.debug.xcconfig"; path = "Pods/Target Support Files/Pods-LetsTeasing/Pods-LetsTeasing.debug.xcconfig"; sourceTree = "<group>"; };
		D218B7011487B8041A543C07 /* Pods-LetsTeasingTests.debug.xcconfig */ = {isa = PBXFileReference; includeInIndex = 1; lastKnownFileType = text.xcconfig; name = "Pods-LetsTeasingTests.debug.xcconfig"; path = "Pods/Target Support Files/Pods-LetsTeasingTests/Pods-LetsTeasingTests.debug.xcconfig"; sourceTree = "<group>"; };
		F2749CDDD37FD2FE37A28020 /* Pods-LetsTeasingUITests.release.xcconfig */ = {isa = PBXFileReference; includeInIndex = 1; lastKnownFileType = text.xcconfig; name = "Pods-LetsTeasingUITests.release.xcconfig"; path = "Pods/Target Support Files/Pods-LetsTeasingUITests/Pods-LetsTeasingUITests.release.xcconfig"; sourceTree = "<group>"; };
/* End PBXFileReference section */

/* Begin PBXFrameworksBuildPhase section */
		188D98031D2344F300A90DD7 /* Frameworks */ = {
			isa = PBXFrameworksBuildPhase;
			buildActionMask = 2147483647;
			files = (
				18F3F3451D26415800857FF9 /* Accelerate.framework in Frameworks */,
				188D985B1D234C8000A90DD7 /* libsqlite3.tbd in Frameworks */,
				188D98591D234C7700A90DD7 /* libicucore.tbd in Frameworks */,
				188D98571D234C6F00A90DD7 /* libz.1.2.5.tbd in Frameworks */,
				188D98551D234C6300A90DD7 /* SystemConfiguration.framework in Frameworks */,
				188D98531D234C5B00A90DD7 /* CoreTelephony.framework in Frameworks */,
				188D98511D234C5200A90DD7 /* CFNetwork.framework in Frameworks */,
				188D984F1D234C3100A90DD7 /* MobileCoreServices.framework in Frameworks */,
				188D984D1D234C2400A90DD7 /* CoreGraphics.framework in Frameworks */,
				188D984B1D234C1900A90DD7 /* Security.framework in Frameworks */,
				188D98491D234C0E00A90DD7 /* CoreLocation.framework in Frameworks */,
				188D98441D23458800A90DD7 /* BmobSDK.framework in Frameworks */,
				E324E381691A51E20308350D /* libPods-LetsTeasing.a in Frameworks */,
			);
			runOnlyForDeploymentPostprocessing = 0;
		};
		188D981F1D2344F300A90DD7 /* Frameworks */ = {
			isa = PBXFrameworksBuildPhase;
			buildActionMask = 2147483647;
			files = (
				3FBF8A083E61CE47DD7A027D /* libPods-LetsTeasingTests.a in Frameworks */,
			);
			runOnlyForDeploymentPostprocessing = 0;
		};
		188D982A1D2344F300A90DD7 /* Frameworks */ = {
			isa = PBXFrameworksBuildPhase;
			buildActionMask = 2147483647;
			files = (
				1BBDA6AB671802D83BF1CBFF /* libPods-LetsTeasingUITests.a in Frameworks */,
			);
			runOnlyForDeploymentPostprocessing = 0;
		};
/* End PBXFrameworksBuildPhase section */

/* Begin PBXGroup section */
		158C3D0484878F40E56C1031 /* Frameworks */ = {
			isa = PBXGroup;
			children = (
				3549A01ED3DE6257DC10D133 /* libPods-LetsTeasing.a */,
				43DA9EB818E16D6429248BB4 /* libPods-LetsTeasingTests.a */,
				0A37611A9EC0F3170ECB00D9 /* libPods-LetsTeasingUITests.a */,
			);
			name = Frameworks;
			sourceTree = "<group>";
		};
		18841ACA1D2A221E00316FC8 /* image */ = {
			isa = PBXGroup;
			children = (
				18841ACB1D2A222C00316FC8 /* icon */,
			);
			name = image;
			sourceTree = "<group>";
		};
		18841ACB1D2A222C00316FC8 /* icon */ = {
			isa = PBXGroup;
			children = (
				18841ACC1D2A222C00316FC8 /* arrow.png */,
				18841ACD1D2A222C00316FC8 /* arrow_b.png */,
				18841ACE1D2A222C00316FC8 /* cc-write.png */,
				18841ACF1D2A222C00316FC8 /* delete.png */,
				18841AD01D2A222C00316FC8 /* me.png */,
				18841AD11D2A222C00316FC8 /* message.png */,
				18841AD21D2A222C00316FC8 /* qq.png */,
				18841AD31D2A222C00316FC8 /* search.png */,
				18841AD41D2A222C00316FC8 /* search副本.png */,
				18841AD51D2A222C00316FC8 /* weibo.png */,
				18841AD61D2A222C00316FC8 /* weixin.png */,
				18841AD71D2A222C00316FC8 /* write.png */,
				18841AD81D2A222C00316FC8 /* send.png */,
			);
			path = icon;
			sourceTree = "<group>";
		};
		188D97FD1D2344F300A90DD7 = {
			isa = PBXGroup;
			children = (
				188D98081D2344F300A90DD7 /* LetsTeasing */,
				188D98251D2344F300A90DD7 /* LetsTeasingTests */,
				188D98301D2344F300A90DD7 /* LetsTeasingUITests */,
				188D98071D2344F300A90DD7 /* Products */,
				E801FFD0F22B4B0ECCB1D388 /* Pods */,
				158C3D0484878F40E56C1031 /* Frameworks */,
			);
			sourceTree = "<group>";
		};
		188D98071D2344F300A90DD7 /* Products */ = {
			isa = PBXGroup;
			children = (
				188D98061D2344F300A90DD7 /* lest.app */,
				188D98221D2344F300A90DD7 /* LetsTeasingTests.xctest */,
				188D982D1D2344F300A90DD7 /* LetsTeasingUITests.xctest */,
			);
			name = Products;
			sourceTree = "<group>";
		};
		188D98081D2344F300A90DD7 /* LetsTeasing */ = {
			isa = PBXGroup;
			children = (
				18E89D811D2E527D0058414A /* Header */,
				18841ACA1D2A221E00316FC8 /* image */,
				188D983F1D23454B00A90DD7 /* frameWork */,
				18F3F33D1D2640FE00857FF9 /* third */,
				18B0C13E1D253AE800E7BE2C /* Operation */,
				18B0C13B1D253AA800E7BE2C /* model */,
				18B0C13A1D253A9900E7BE2C /* view */,
				18B0C13D1D253AD300E7BE2C /* cell */,
				188D980C1D2344F300A90DD7 /* AppDelegate.h */,
				188D980D1D2344F300A90DD7 /* AppDelegate.m */,
				188D980F1D2344F300A90DD7 /* ViewController.h */,
				188D98101D2344F300A90DD7 /* ViewController.m */,
				188D98181D2344F300A90DD7 /* Assets.xcassets */,
				188D981A1D2344F300A90DD7 /* LaunchScreen.storyboard */,
				188D981D1D2344F300A90DD7 /* Info.plist */,
				188D98151D2344F300A90DD7 /* LetsTeasing.xcdatamodeld */,
				18E89D711D2BA7F20058414A /* PrefixHeader.pch */,
				188D98091D2344F300A90DD7 /* Supporting Files */,
			);
			path = LetsTeasing;
			sourceTree = "<group>";
		};
		188D98091D2344F300A90DD7 /* Supporting Files */ = {
			isa = PBXGroup;
			children = (
				188D980A1D2344F300A90DD7 /* main.m */,
			);
			name = "Supporting Files";
			sourceTree = "<group>";
		};
		188D98251D2344F300A90DD7 /* LetsTeasingTests */ = {
			isa = PBXGroup;
			children = (
				188D98261D2344F300A90DD7 /* LetsTeasingTests.m */,
				188D98281D2344F300A90DD7 /* Info.plist */,
			);
			path = LetsTeasingTests;
			sourceTree = "<group>";
		};
		188D98301D2344F300A90DD7 /* LetsTeasingUITests */ = {
			isa = PBXGroup;
			children = (
				188D98311D2344F300A90DD7 /* LetsTeasingUITests.m */,
				188D98331D2344F300A90DD7 /* Info.plist */,
			);
			path = LetsTeasingUITests;
			sourceTree = "<group>";
		};
		188D983F1D23454B00A90DD7 /* frameWork */ = {
			isa = PBXGroup;
			children = (
				18F3F3441D26415800857FF9 /* Accelerate.framework */,
				188D985A1D234C8000A90DD7 /* libsqlite3.tbd */,
				188D98581D234C7700A90DD7 /* libicucore.tbd */,
				188D98561D234C6F00A90DD7 /* libz.1.2.5.tbd */,
				188D98541D234C6300A90DD7 /* SystemConfiguration.framework */,
				188D98521D234C5B00A90DD7 /* CoreTelephony.framework */,
				188D98501D234C5200A90DD7 /* CFNetwork.framework */,
				188D984E1D234C3100A90DD7 /* MobileCoreServices.framework */,
				188D984C1D234C2400A90DD7 /* CoreGraphics.framework */,
				188D984A1D234C1900A90DD7 /* Security.framework */,
				188D98481D234C0E00A90DD7 /* CoreLocation.framework */,
				188D98401D23458800A90DD7 /* Bmob_SDK_iOS_v1.7.1副本 */,
			);
			name = frameWork;
			sourceTree = "<group>";
		};
		188D98401D23458800A90DD7 /* Bmob_SDK_iOS_v1.7.1副本 */ = {
			isa = PBXGroup;
			children = (
				188D98411D23458800A90DD7 /* Bmob_iOS_SDK更新历史.txt */,
				188D98421D23458800A90DD7 /* BmobSDK.framework */,
			);
			path = "Bmob_SDK_iOS_v1.7.1副本";
			sourceTree = "<group>";
		};
		188D98B21D2368E500A90DD7 /* Masonry */ = {
			isa = PBXGroup;
			children = (
				188D98B31D2368E500A90DD7 /* Info.plist */,
				188D98B41D2368E500A90DD7 /* MASCompositeConstraint.h */,
				188D98B51D2368E500A90DD7 /* MASCompositeConstraint.m */,
				188D98B61D2368E500A90DD7 /* MASConstraint+Private.h */,
				188D98B71D2368E500A90DD7 /* MASConstraint.h */,
				188D98B81D2368E500A90DD7 /* MASConstraint.m */,
				188D98B91D2368E500A90DD7 /* MASConstraintMaker.h */,
				188D98BA1D2368E500A90DD7 /* MASConstraintMaker.m */,
				188D98BB1D2368E500A90DD7 /* MASLayoutConstraint.h */,
				188D98BC1D2368E500A90DD7 /* MASLayoutConstraint.m */,
				188D98BD1D2368E500A90DD7 /* Masonry.h */,
				188D98BE1D2368E500A90DD7 /* MASUtilities.h */,
				188D98BF1D2368E500A90DD7 /* MASViewAttribute.h */,
				188D98C01D2368E500A90DD7 /* MASViewAttribute.m */,
				188D98C11D2368E500A90DD7 /* MASViewConstraint.h */,
				188D98C21D2368E500A90DD7 /* MASViewConstraint.m */,
				188D98C31D2368E500A90DD7 /* NSArray+MASAdditions.h */,
				188D98C41D2368E500A90DD7 /* NSArray+MASAdditions.m */,
				188D98C51D2368E500A90DD7 /* NSArray+MASShorthandAdditions.h */,
				188D98C61D2368E500A90DD7 /* NSLayoutConstraint+MASDebugAdditions.h */,
				188D98C71D2368E500A90DD7 /* NSLayoutConstraint+MASDebugAdditions.m */,
				188D98C81D2368E500A90DD7 /* View+MASAdditions.h */,
				188D98C91D2368E500A90DD7 /* View+MASAdditions.m */,
				188D98CA1D2368E500A90DD7 /* View+MASShorthandAdditions.h */,
				188D98CB1D2368E500A90DD7 /* ViewController+MASAdditions.h */,
				188D98CC1D2368E500A90DD7 /* ViewController+MASAdditions.m */,
			);
			path = Masonry;
			sourceTree = "<group>";
		};
		18B0C13A1D253A9900E7BE2C /* view */ = {
			isa = PBXGroup;
			children = (
				18B0C13C1D253AB400E7BE2C /* tableview */,
			);
			name = view;
			sourceTree = "<group>";
		};
		18B0C13B1D253AA800E7BE2C /* model */ = {
			isa = PBXGroup;
			children = (
				1803EB141D30C69A002A11CC /* dict.h */,
				1803EB151D30C69A002A11CC /* dict.m */,
				18E89D721D2C88D20058414A /* PersonalInfo.h */,
				18E89D731D2C88D20058414A /* PersonalInfo.m */,
				1803EB1A1D30DFB5002A11CC /* commentInfo.h */,
				1803EB1B1D30DFB5002A11CC /* commentInfo.m */,
			);
			name = model;
			sourceTree = "<group>";
		};
		18B0C13C1D253AB400E7BE2C /* tableview */ = {
			isa = PBXGroup;
			children = (
				18F3F3401D26411600857FF9 /* JCAlertView.h */,
				18F3F3411D26411600857FF9 /* JCAlertView.m */,
				18841AC71D2907D800316FC8 /* YY_TextView.h */,
				18841AC81D2907D800316FC8 /* YY_TextView.m */,
				1892F46E1D2A401E00FA63E2 /* View_for_Text.h */,
				1892F46F1D2A401E00FA63E2 /* View_for_Text.m */,
				18B0C1371D2537D500E7BE2C /* Personal_centerViewController.h */,
				18B0C1381D2537D500E7BE2C /* Personal_centerViewController.m */,
				18B0C09E1D24E3D400E7BE2C /* YY_base_table.h */,
				18B0C09F1D24E3D400E7BE2C /* YY_base_table.m */,
				1849521E1D27492700E4DF3F /* YY_content_table.h */,
				1849521F1D27492700E4DF3F /* YY_content_table.m */,
				18E89D7B1D2CE5070058414A /* changeName.h */,
				18E89D7C1D2CE5070058414A /* changeName.m */,
				18E89D7E1D2E0DFC0058414A /* AlertTextBaseView.h */,
				18E89D7F1D2E0DFC0058414A /* AlertTextBaseView.m */,
				1803EB111D30B5CC002A11CC /* YYdataDict.h */,
				1803EB121D30B5CC002A11CC /* YYdataDict.m */,
				1803EB1D1D30F40B002A11CC /* newMessage.h */,
				1803EB1E1D30F40B002A11CC /* newMessage.m */,
				1803EB201D31352F002A11CC /* commentsTable.h */,
				1803EB211D31352F002A11CC /* commentsTable.m */,
			);
			name = tableview;
			sourceTree = "<group>";
		};
		18B0C13D1D253AD300E7BE2C /* cell */ = {
			isa = PBXGroup;
			children = (
				188D98E11D240EB900A90DD7 /* textCell.h */,
				188D98E21D240EB900A90DD7 /* textCell.m */,
			);
			name = cell;
			sourceTree = "<group>";
		};
		18B0C13E1D253AE800E7BE2C /* Operation */ = {
			isa = PBXGroup;
			children = (
				188D98451D23462A00A90DD7 /* operation.h */,
				188D98461D23462A00A90DD7 /* operation.m */,
			);
			name = Operation;
			sourceTree = "<group>";
		};
		18E89D811D2E527D0058414A /* Header */ = {
			isa = PBXGroup;
			children = (
				18E89D851D2EA7450058414A /* photoChange.h */,
				18E89D861D2EA7450058414A /* photoChange.m */,
				18E89D881D2EA7990058414A /* Header.h */,
			);
			name = Header;
			sourceTree = "<group>";
		};
		18F3F33D1D2640FE00857FF9 /* third */ = {
			isa = PBXGroup;
			children = (
				188D98B21D2368E500A90DD7 /* Masonry */,
				18F3F33E1D26411600857FF9 /* JCAlertView */,
			);
			name = third;
			sourceTree = "<group>";
		};
		18F3F33E1D26411600857FF9 /* JCAlertView */ = {
			isa = PBXGroup;
			children = (
				18F3F33F1D26411600857FF9 /* JCAlertView.bundle */,
			);
			path = JCAlertView;
			sourceTree = SOURCE_ROOT;
		};
		E801FFD0F22B4B0ECCB1D388 /* Pods */ = {
			isa = PBXGroup;
			children = (
				B7A802B5786A8914801E5F0D /* Pods-LetsTeasing.debug.xcconfig */,
				84DEBC2E2A9E322C8025B2FC /* Pods-LetsTeasing.release.xcconfig */,
				D218B7011487B8041A543C07 /* Pods-LetsTeasingTests.debug.xcconfig */,
				7078F004D8FB3207725E0384 /* Pods-LetsTeasingTests.release.xcconfig */,
				78213B2B4E22EC407098AE85 /* Pods-LetsTeasingUITests.debug.xcconfig */,
				F2749CDDD37FD2FE37A28020 /* Pods-LetsTeasingUITests.release.xcconfig */,
			);
			name = Pods;
			sourceTree = "<group>";
		};
/* End PBXGroup section */

/* Begin PBXNativeTarget section */
		188D98051D2344F300A90DD7 /* LetsTeasing */ = {
			isa = PBXNativeTarget;
			buildConfigurationList = 188D98361D2344F300A90DD7 /* Build configuration list for PBXNativeTarget "LetsTeasing" */;
			buildPhases = (
				015022944110A4A1A989B0CA /* [CP] Check Pods Manifest.lock */,
				188D98021D2344F300A90DD7 /* Sources */,
				188D98031D2344F300A90DD7 /* Frameworks */,
				188D98041D2344F300A90DD7 /* Resources */,
				01640DF83910FF0FBA87D570 /* [CP] Embed Pods Frameworks */,
				A53EFEE921AA5B7F81EC61BA /* [CP] Copy Pods Resources */,
			);
			buildRules = (
			);
			dependencies = (
			);
			name = LetsTeasing;
			productName = LetsTeasing;
			productReference = 188D98061D2344F300A90DD7 /* lest.app */;
			productType = "com.apple.product-type.application";
		};
		188D98211D2344F300A90DD7 /* LetsTeasingTests */ = {
			isa = PBXNativeTarget;
			buildConfigurationList = 188D98391D2344F300A90DD7 /* Build configuration list for PBXNativeTarget "LetsTeasingTests" */;
			buildPhases = (
				0162ACC3C86C0683A72397DE /* [CP] Check Pods Manifest.lock */,
				188D981E1D2344F300A90DD7 /* Sources */,
				188D981F1D2344F300A90DD7 /* Frameworks */,
				188D98201D2344F300A90DD7 /* Resources */,
				7B9B20AD432FCED5A9B8C7EA /* [CP] Embed Pods Frameworks */,
				9A1C09A3A48BB7ABF2E926B2 /* [CP] Copy Pods Resources */,
			);
			buildRules = (
			);
			dependencies = (
				188D98241D2344F300A90DD7 /* PBXTargetDependency */,
			);
			name = LetsTeasingTests;
			productName = LetsTeasingTests;
			productReference = 188D98221D2344F300A90DD7 /* LetsTeasingTests.xctest */;
			productType = "com.apple.product-type.bundle.unit-test";
		};
		188D982C1D2344F300A90DD7 /* LetsTeasingUITests */ = {
			isa = PBXNativeTarget;
			buildConfigurationList = 188D983C1D2344F300A90DD7 /* Build configuration list for PBXNativeTarget "LetsTeasingUITests" */;
			buildPhases = (
				475D6A479729A147EAB0BC5C /* [CP] Check Pods Manifest.lock */,
				188D98291D2344F300A90DD7 /* Sources */,
				188D982A1D2344F300A90DD7 /* Frameworks */,
				188D982B1D2344F300A90DD7 /* Resources */,
				9209A9B6283FC72A14BF263B /* [CP] Copy Pods Resources */,
			);
			buildRules = (
			);
			dependencies = (
				188D982F1D2344F300A90DD7 /* PBXTargetDependency */,
			);
			name = LetsTeasingUITests;
			productName = LetsTeasingUITests;
			productReference = 188D982D1D2344F300A90DD7 /* LetsTeasingUITests.xctest */;
			productType = "com.apple.product-type.bundle.ui-testing";
		};
/* End PBXNativeTarget section */

/* Begin PBXProject section */
		188D97FE1D2344F300A90DD7 /* Project object */ = {
			isa = PBXProject;
			attributes = {
				LastUpgradeCheck = 0730;
				ORGANIZATIONNAME = yueyin;
				TargetAttributes = {
					188D98051D2344F300A90DD7 = {
						CreatedOnToolsVersion = 7.3.1;
						DevelopmentTeam = S9VL85VXFE;
					};
					188D98211D2344F300A90DD7 = {
						CreatedOnToolsVersion = 7.3.1;
						TestTargetID = 188D98051D2344F300A90DD7;
					};
					188D982C1D2344F300A90DD7 = {
						CreatedOnToolsVersion = 7.3.1;
						TestTargetID = 188D98051D2344F300A90DD7;
					};
				};
			};
			buildConfigurationList = 188D98011D2344F300A90DD7 /* Build configuration list for PBXProject "LetsTeasing" */;
			compatibilityVersion = "Xcode 3.2";
			developmentRegion = English;
			hasScannedForEncodings = 0;
			knownRegions = (
				en,
				Base,
			);
			mainGroup = 188D97FD1D2344F300A90DD7;
			productRefGroup = 188D98071D2344F300A90DD7 /* Products */;
			projectDirPath = "";
			projectRoot = "";
			targets = (
				188D98051D2344F300A90DD7 /* LetsTeasing */,
				188D98211D2344F300A90DD7 /* LetsTeasingTests */,
				188D982C1D2344F300A90DD7 /* LetsTeasingUITests */,
			);
		};
/* End PBXProject section */

/* Begin PBXResourcesBuildPhase section */
		188D98041D2344F300A90DD7 /* Resources */ = {
			isa = PBXResourcesBuildPhase;
			buildActionMask = 2147483647;
			files = (
				18F3F3421D26411600857FF9 /* JCAlertView.bundle in Resources */,
				18841AE31D2A222C00316FC8 /* weixin.png in Resources */,
				18841AE41D2A222C00316FC8 /* write.png in Resources */,
				18841ADA1D2A222C00316FC8 /* arrow_b.png in Resources */,
				18841ADE1D2A222C00316FC8 /* message.png in Resources */,
				18841AD91D2A222C00316FC8 /* arrow.png in Resources */,
				18841AE11D2A222C00316FC8 /* search副本.png in Resources */,
				18841AE21D2A222C00316FC8 /* weibo.png in Resources */,
				18841ADC1D2A222C00316FC8 /* delete.png in Resources */,
				188D98CD1D2368E500A90DD7 /* Info.plist in Resources */,
				18841ADD1D2A222C00316FC8 /* me.png in Resources */,
				18841ADF1D2A222C00316FC8 /* qq.png in Resources */,
				18841AE01D2A222C00316FC8 /* search.png in Resources */,
				188D981C1D2344F300A90DD7 /* LaunchScreen.storyboard in Resources */,
				18841ADB1D2A222C00316FC8 /* cc-write.png in Resources */,
				18841AE51D2A222C00316FC8 /* send.png in Resources */,
				188D98431D23458800A90DD7 /* Bmob_iOS_SDK更新历史.txt in Resources */,
				188D98191D2344F300A90DD7 /* Assets.xcassets in Resources */,
			);
			runOnlyForDeploymentPostprocessing = 0;
		};
		188D98201D2344F300A90DD7 /* Resources */ = {
			isa = PBXResourcesBuildPhase;
			buildActionMask = 2147483647;
			files = (
			);
			runOnlyForDeploymentPostprocessing = 0;
		};
		188D982B1D2344F300A90DD7 /* Resources */ = {
			isa = PBXResourcesBuildPhase;
			buildActionMask = 2147483647;
			files = (
			);
			runOnlyForDeploymentPostprocessing = 0;
		};
/* End PBXResourcesBuildPhase section */

/* Begin PBXShellScriptBuildPhase section */
		015022944110A4A1A989B0CA /* [CP] Check Pods Manifest.lock */ = {
			isa = PBXShellScriptBuildPhase;
			buildActionMask = 2147483647;
			files = (
			);
			inputPaths = (
			);
			name = "[CP] Check Pods Manifest.lock";
			outputPaths = (
			);
			runOnlyForDeploymentPostprocessing = 0;
			shellPath = /bin/sh;
			shellScript = "diff \"${PODS_ROOT}/../Podfile.lock\" \"${PODS_ROOT}/Manifest.lock\" > /dev/null\nif [[ $? != 0 ]] ; then\n    cat << EOM\nerror: The sandbox is not in sync with the Podfile.lock. Run 'pod install' or update your CocoaPods installation.\nEOM\n    exit 1\nfi\n";
			showEnvVarsInLog = 0;
		};
		0162ACC3C86C0683A72397DE /* [CP] Check Pods Manifest.lock */ = {
			isa = PBXShellScriptBuildPhase;
			buildActionMask = 2147483647;
			files = (
			);
			inputPaths = (
			);
			name = "[CP] Check Pods Manifest.lock";
			outputPaths = (
			);
			runOnlyForDeploymentPostprocessing = 0;
			shellPath = /bin/sh;
			shellScript = "diff \"${PODS_ROOT}/../Podfile.lock\" \"${PODS_ROOT}/Manifest.lock\" > /dev/null\nif [[ $? != 0 ]] ; then\n    cat << EOM\nerror: The sandbox is not in sync with the Podfile.lock. Run 'pod install' or update your CocoaPods installation.\nEOM\n    exit 1\nfi\n";
			showEnvVarsInLog = 0;
		};
		01640DF83910FF0FBA87D570 /* [CP] Embed Pods Frameworks */ = {
			isa = PBXShellScriptBuildPhase;
			buildActionMask = 2147483647;
			files = (
			);
			inputPaths = (
			);
			name = "[CP] Embed Pods Frameworks";
			outputPaths = (
			);
			runOnlyForDeploymentPostprocessing = 0;
			shellPath = /bin/sh;
			shellScript = "\"${SRCROOT}/Pods/Target Support Files/Pods-LetsTeasing/Pods-LetsTeasing-frameworks.sh\"\n";
			showEnvVarsInLog = 0;
		};
		475D6A479729A147EAB0BC5C /* [CP] Check Pods Manifest.lock */ = {
			isa = PBXShellScriptBuildPhase;
			buildActionMask = 2147483647;
			files = (
			);
			inputPaths = (
			);
			name = "[CP] Check Pods Manifest.lock";
			outputPaths = (
			);
			runOnlyForDeploymentPostprocessing = 0;
			shellPath = /bin/sh;
			shellScript = "diff \"${PODS_ROOT}/../Podfile.lock\" \"${PODS_ROOT}/Manifest.lock\" > /dev/null\nif [[ $? != 0 ]] ; then\n    cat << EOM\nerror: The sandbox is not in sync with the Podfile.lock. Run 'pod install' or update your CocoaPods installation.\nEOM\n    exit 1\nfi\n";
			showEnvVarsInLog = 0;
		};
		7B9B20AD432FCED5A9B8C7EA /* [CP] Embed Pods Frameworks */ = {
			isa = PBXShellScriptBuildPhase;
			buildActionMask = 2147483647;
			files = (
			);
			inputPaths = (
			);
			name = "[CP] Embed Pods Frameworks";
			outputPaths = (
			);
			runOnlyForDeploymentPostprocessing = 0;
			shellPath = /bin/sh;
			shellScript = "\"${SRCROOT}/Pods/Target Support Files/Pods-LetsTeasingTests/Pods-LetsTeasingTests-frameworks.sh\"\n";
			showEnvVarsInLog = 0;
		};
		9209A9B6283FC72A14BF263B /* [CP] Copy Pods Resources */ = {
			isa = PBXShellScriptBuildPhase;
			buildActionMask = 2147483647;
			files = (
			);
			inputPaths = (
			);
			name = "[CP] Copy Pods Resources";
			outputPaths = (
			);
			runOnlyForDeploymentPostprocessing = 0;
			shellPath = /bin/sh;
			shellScript = "\"${SRCROOT}/Pods/Target Support Files/Pods-LetsTeasingUITests/Pods-LetsTeasingUITests-resources.sh\"\n";
			showEnvVarsInLog = 0;
		};
		9A1C09A3A48BB7ABF2E926B2 /* [CP] Copy Pods Resources */ = {
			isa = PBXShellScriptBuildPhase;
			buildActionMask = 2147483647;
			files = (
			);
			inputPaths = (
			);
			name = "[CP] Copy Pods Resources";
			outputPaths = (
			);
			runOnlyForDeploymentPostprocessing = 0;
			shellPath = /bin/sh;
			shellScript = "\"${SRCROOT}/Pods/Target Support Files/Pods-LetsTeasingTests/Pods-LetsTeasingTests-resources.sh\"\n";
			showEnvVarsInLog = 0;
		};
		A53EFEE921AA5B7F81EC61BA /* [CP] Copy Pods Resources */ = {
			isa = PBXShellScriptBuildPhase;
			buildActionMask = 2147483647;
			files = (
			);
			inputPaths = (
			);
			name = "[CP] Copy Pods Resources";
			outputPaths = (
			);
			runOnlyForDeploymentPostprocessing = 0;
			shellPath = /bin/sh;
			shellScript = "\"${SRCROOT}/Pods/Target Support Files/Pods-LetsTeasing/Pods-LetsTeasing-resources.sh\"\n";
			showEnvVarsInLog = 0;
		};
/* End PBXShellScriptBuildPhase section */

/* Begin PBXSourcesBuildPhase section */
		188D98021D2344F300A90DD7 /* Sources */ = {
			isa = PBXSourcesBuildPhase;
			buildActionMask = 2147483647;
			files = (
				18F3F3431D26411600857FF9 /* JCAlertView.m in Sources */,
				1803EB161D30C69A002A11CC /* dict.m in Sources */,
				18B0C0A01D24E3D400E7BE2C /* YY_base_table.m in Sources */,
				18B0C1391D2537D500E7BE2C /* Personal_centerViewController.m in Sources */,
				188D98D51D2368E500A90DD7 /* NSLayoutConstraint+MASDebugAdditions.m in Sources */,
				188D98111D2344F300A90DD7 /* ViewController.m in Sources */,
				188D98D31D2368E500A90DD7 /* MASViewConstraint.m in Sources */,
				1803EB131D30B5CC002A11CC /* YYdataDict.m in Sources */,
				188D98471D23462A00A90DD7 /* operation.m in Sources */,
				188D980E1D2344F300A90DD7 /* AppDelegate.m in Sources */,
				18E89D871D2EA7450058414A /* photoChange.m in Sources */,
				18841AC91D2907D800316FC8 /* YY_TextView.m in Sources */,
				184952201D27492700E4DF3F /* YY_content_table.m in Sources */,
				188D980B1D2344F300A90DD7 /* main.m in Sources */,
				188D98D61D2368E500A90DD7 /* View+MASAdditions.m in Sources */,
				188D98CE1D2368E500A90DD7 /* MASCompositeConstraint.m in Sources */,
				18E89D741D2C88D20058414A /* PersonalInfo.m in Sources */,
				18E89D7D1D2CE5070058414A /* changeName.m in Sources */,
				1803EB1F1D30F40B002A11CC /* newMessage.m in Sources */,
				188D98D21D2368E500A90DD7 /* MASViewAttribute.m in Sources */,
				188D98D01D2368E500A90DD7 /* MASConstraintMaker.m in Sources */,
				188D98E31D240EB900A90DD7 /* textCell.m in Sources */,
				18E89D801D2E0DFC0058414A /* AlertTextBaseView.m in Sources */,
				188D98D41D2368E500A90DD7 /* NSArray+MASAdditions.m in Sources */,
				188D98D71D2368E500A90DD7 /* ViewController+MASAdditions.m in Sources */,
				188D98CF1D2368E500A90DD7 /* MASConstraint.m in Sources */,
				1892F4701D2A401E00FA63E2 /* View_for_Text.m in Sources */,
				1803EB1C1D30DFB5002A11CC /* commentInfo.m in Sources */,
				188D98D11D2368E500A90DD7 /* MASLayoutConstraint.m in Sources */,
				1803EB221D313530002A11CC /* commentsTable.m in Sources */,
				188D98171D2344F300A90DD7 /* LetsTeasing.xcdatamodeld in Sources */,
			);
			runOnlyForDeploymentPostprocessing = 0;
		};
		188D981E1D2344F300A90DD7 /* Sources */ = {
			isa = PBXSourcesBuildPhase;
			buildActionMask = 2147483647;
			files = (
				188D98271D2344F300A90DD7 /* LetsTeasingTests.m in Sources */,
			);
			runOnlyForDeploymentPostprocessing = 0;
		};
		188D98291D2344F300A90DD7 /* Sources */ = {
			isa = PBXSourcesBuildPhase;
			buildActionMask = 2147483647;
			files = (
				188D98321D2344F300A90DD7 /* LetsTeasingUITests.m in Sources */,
			);
			runOnlyForDeploymentPostprocessing = 0;
		};
/* End PBXSourcesBuildPhase section */

/* Begin PBXTargetDependency section */
		188D98241D2344F300A90DD7 /* PBXTargetDependency */ = {
			isa = PBXTargetDependency;
			target = 188D98051D2344F300A90DD7 /* LetsTeasing */;
			targetProxy = 188D98231D2344F300A90DD7 /* PBXContainerItemProxy */;
		};
		188D982F1D2344F300A90DD7 /* PBXTargetDependency */ = {
			isa = PBXTargetDependency;
			target = 188D98051D2344F300A90DD7 /* LetsTeasing */;
			targetProxy = 188D982E1D2344F300A90DD7 /* PBXContainerItemProxy */;
		};
/* End PBXTargetDependency section */

/* Begin PBXVariantGroup section */
		188D981A1D2344F300A90DD7 /* LaunchScreen.storyboard */ = {
			isa = PBXVariantGroup;
			children = (
				188D981B1D2344F300A90DD7 /* Base */,
			);
			name = LaunchScreen.storyboard;
			sourceTree = "<group>";
		};
/* End PBXVariantGroup section */

/* Begin XCBuildConfiguration section */
		188D98341D2344F300A90DD7 /* Debug */ = {
			isa = XCBuildConfiguration;
			buildSettings = {
				ALWAYS_SEARCH_USER_PATHS = NO;
				CLANG_ANALYZER_NONNULL = YES;
				CLANG_CXX_LANGUAGE_STANDARD = "gnu++0x";
				CLANG_CXX_LIBRARY = "libc++";
				CLANG_ENABLE_MODULES = YES;
				CLANG_ENABLE_OBJC_ARC = YES;
				CLANG_WARN_BOOL_CONVERSION = YES;
				CLANG_WARN_CONSTANT_CONVERSION = YES;
				CLANG_WARN_DIRECT_OBJC_ISA_USAGE = YES_ERROR;
				CLANG_WARN_EMPTY_BODY = YES;
				CLANG_WARN_ENUM_CONVERSION = YES;
				CLANG_WARN_INT_CONVERSION = YES;
				CLANG_WARN_OBJC_ROOT_CLASS = YES_ERROR;
				CLANG_WARN_UNREACHABLE_CODE = YES;
				CLANG_WARN__DUPLICATE_METHOD_MATCH = YES;
				"CODE_SIGN_IDENTITY[sdk=iphoneos*]" = "iPhone Developer";
				COPY_PHASE_STRIP = NO;
				DEBUG_INFORMATION_FORMAT = dwarf;
				ENABLE_STRICT_OBJC_MSGSEND = YES;
				ENABLE_TESTABILITY = YES;
				GCC_C_LANGUAGE_STANDARD = gnu99;
				GCC_DYNAMIC_NO_PIC = NO;
				GCC_NO_COMMON_BLOCKS = YES;
				GCC_OPTIMIZATION_LEVEL = 0;
				GCC_PREPROCESSOR_DEFINITIONS = (
					"DEBUG=1",
					"$(inherited)",
				);
				GCC_WARN_64_TO_32_BIT_CONVERSION = YES;
				GCC_WARN_ABOUT_RETURN_TYPE = YES_ERROR;
				GCC_WARN_UNDECLARED_SELECTOR = YES;
				GCC_WARN_UNINITIALIZED_AUTOS = YES_AGGRESSIVE;
				GCC_WARN_UNUSED_FUNCTION = YES;
				GCC_WARN_UNUSED_VARIABLE = YES;
				IPHONEOS_DEPLOYMENT_TARGET = 9.3;
				MTL_ENABLE_DEBUG_INFO = YES;
				ONLY_ACTIVE_ARCH = YES;
				SDKROOT = iphoneos;
				TARGETED_DEVICE_FAMILY = "1,2";
			};
			name = Debug;
		};
		188D98351D2344F300A90DD7 /* Release */ = {
			isa = XCBuildConfiguration;
			buildSettings = {
				ALWAYS_SEARCH_USER_PATHS = NO;
				CLANG_ANALYZER_NONNULL = YES;
				CLANG_CXX_LANGUAGE_STANDARD = "gnu++0x";
				CLANG_CXX_LIBRARY = "libc++";
				CLANG_ENABLE_MODULES = YES;
				CLANG_ENABLE_OBJC_ARC = YES;
				CLANG_WARN_BOOL_CONVERSION = YES;
				CLANG_WARN_CONSTANT_CONVERSION = YES;
				CLANG_WARN_DIRECT_OBJC_ISA_USAGE = YES_ERROR;
				CLANG_WARN_EMPTY_BODY = YES;
				CLANG_WARN_ENUM_CONVERSION = YES;
				CLANG_WARN_INT_CONVERSION = YES;
				CLANG_WARN_OBJC_ROOT_CLASS = YES_ERROR;
				CLANG_WARN_UNREACHABLE_CODE = YES;
				CLANG_WARN__DUPLICATE_METHOD_MATCH = YES;
				"CODE_SIGN_IDENTITY[sdk=iphoneos*]" = "iPhone Developer";
				COPY_PHASE_STRIP = NO;
				DEBUG_INFORMATION_FORMAT = "dwarf-with-dsym";
				ENABLE_NS_ASSERTIONS = NO;
				ENABLE_STRICT_OBJC_MSGSEND = YES;
				GCC_C_LANGUAGE_STANDARD = gnu99;
				GCC_NO_COMMON_BLOCKS = YES;
				GCC_WARN_64_TO_32_BIT_CONVERSION = YES;
				GCC_WARN_ABOUT_RETURN_TYPE = YES_ERROR;
				GCC_WARN_UNDECLARED_SELECTOR = YES;
				GCC_WARN_UNINITIALIZED_AUTOS = YES_AGGRESSIVE;
				GCC_WARN_UNUSED_FUNCTION = YES;
				GCC_WARN_UNUSED_VARIABLE = YES;
				IPHONEOS_DEPLOYMENT_TARGET = 9.3;
				MTL_ENABLE_DEBUG_INFO = NO;
				SDKROOT = iphoneos;
				TARGETED_DEVICE_FAMILY = "1,2";
				VALIDATE_PRODUCT = YES;
			};
			name = Release;
		};
		188D98371D2344F300A90DD7 /* Debug */ = {
			isa = XCBuildConfiguration;
			baseConfigurationReference = B7A802B5786A8914801E5F0D /* Pods-LetsTeasing.debug.xcconfig */;
			buildSettings = {
				ASSETCATALOG_COMPILER_APPICON_NAME = AppIcon;
				CODE_SIGN_IDENTITY = "iPhone Developer";
				"CODE_SIGN_IDENTITY[sdk=iphoneos*]" = "iPhone Developer";
				FRAMEWORK_SEARCH_PATHS = (
					"$(inherited)",
					"$(PROJECT_DIR)/LetsTeasing/Bmob_SDK_iOS_v1.7.1副本",
				);
				GCC_PREFIX_HEADER = "/Users/apple/Documents/yy的代码/百度云同步盘/newProject/kx519-master/PrefixHeader.pch";
				INFOPLIST_FILE = LetsTeasing/Info.plist;
				LD_RUNPATH_SEARCH_PATHS = "$(inherited) @executable_path/Frameworks";
				PRODUCT_BUNDLE_IDENTIFIER = LetsTeasing;
				PRODUCT_NAME = lest;
				PROVISIONING_PROFILE = "";
			};
			name = Debug;
		};
		188D98381D2344F300A90DD7 /* Release */ = {
			isa = XCBuildConfiguration;
			baseConfigurationReference = 84DEBC2E2A9E322C8025B2FC /* Pods-LetsTeasing.release.xcconfig */;
			buildSettings = {
				ASSETCATALOG_COMPILER_APPICON_NAME = AppIcon;
				CODE_SIGN_IDENTITY = "iPhone Developer";
				"CODE_SIGN_IDENTITY[sdk=iphoneos*]" = "iPhone Developer";
				FRAMEWORK_SEARCH_PATHS = (
					"$(inherited)",
					"$(PROJECT_DIR)/LetsTeasing/Bmob_SDK_iOS_v1.7.1副本",
				);
				GCC_PREFIX_HEADER = "/Users/apple/Documents/yy的代码/百度云同步盘/newProject/kx519-master/PrefixHeader.pch";
				INFOPLIST_FILE = LetsTeasing/Info.plist;
				LD_RUNPATH_SEARCH_PATHS = "$(inherited) @executable_path/Frameworks";
				PRODUCT_BUNDLE_IDENTIFIER = LetsTeasing;
				PRODUCT_NAME = lest;
				PROVISIONING_PROFILE = "";
			};
			name = Release;
		};
		188D983A1D2344F300A90DD7 /* Debug */ = {
			isa = XCBuildConfiguration;
			baseConfigurationReference = D218B7011487B8041A543C07 /* Pods-LetsTeasingTests.debug.xcconfig */;
			buildSettings = {
				BUNDLE_LOADER = "$(TEST_HOST)";
				INFOPLIST_FILE = LetsTeasingTests/Info.plist;
				LD_RUNPATH_SEARCH_PATHS = "$(inherited) @executable_path/Frameworks @loader_path/Frameworks";
				PRODUCT_BUNDLE_IDENTIFIER = yueyin.LetsTeasingTests;
				PRODUCT_NAME = "$(TARGET_NAME)";
				TEST_HOST = "$(BUILT_PRODUCTS_DIR)/LetsTeasing.app/LetsTeasing";
			};
			name = Debug;
		};
		188D983B1D2344F300A90DD7 /* Release */ = {
			isa = XCBuildConfiguration;
			baseConfigurationReference = 7078F004D8FB3207725E0384 /* Pods-LetsTeasingTests.release.xcconfig */;
			buildSettings = {
				BUNDLE_LOADER = "$(TEST_HOST)";
				INFOPLIST_FILE = LetsTeasingTests/Info.plist;
				LD_RUNPATH_SEARCH_PATHS = "$(inherited) @executable_path/Frameworks @loader_path/Frameworks";
				PRODUCT_BUNDLE_IDENTIFIER = yueyin.LetsTeasingTests;
				PRODUCT_NAME = "$(TARGET_NAME)";
				TEST_HOST = "$(BUILT_PRODUCTS_DIR)/LetsTeasing.app/LetsTeasing";
			};
			name = Release;
		};
		188D983D1D2344F300A90DD7 /* Debug */ = {
			isa = XCBuildConfiguration;
			baseConfigurationReference = 78213B2B4E22EC407098AE85 /* Pods-LetsTeasingUITests.debug.xcconfig */;
			buildSettings = {
				INFOPLIST_FILE = LetsTeasingUITests/Info.plist;
				LD_RUNPATH_SEARCH_PATHS = "$(inherited) @executable_path/Frameworks @loader_path/Frameworks";
				PRODUCT_BUNDLE_IDENTIFIER = yueyin.LetsTeasingUITests;
				PRODUCT_NAME = "$(TARGET_NAME)";
				TEST_TARGET_NAME = LetsTeasing;
			};
			name = Debug;
		};
		188D983E1D2344F300A90DD7 /* Release */ = {
			isa = XCBuildConfiguration;
			baseConfigurationReference = F2749CDDD37FD2FE37A28020 /* Pods-LetsTeasingUITests.release.xcconfig */;
			buildSettings = {
				INFOPLIST_FILE = LetsTeasingUITests/Info.plist;
				LD_RUNPATH_SEARCH_PATHS = "$(inherited) @executable_path/Frameworks @loader_path/Frameworks";
				PRODUCT_BUNDLE_IDENTIFIER = yueyin.LetsTeasingUITests;
				PRODUCT_NAME = "$(TARGET_NAME)";
				TEST_TARGET_NAME = LetsTeasing;
			};
			name = Release;
		};
/* End XCBuildConfiguration section */

/* Begin XCConfigurationList section */
		188D98011D2344F300A90DD7 /* Build configuration list for PBXProject "LetsTeasing" */ = {
			isa = XCConfigurationList;
			buildConfigurations = (
				188D98341D2344F300A90DD7 /* Debug */,
				188D98351D2344F300A90DD7 /* Release */,
			);
			defaultConfigurationIsVisible = 0;
			defaultConfigurationName = Release;
		};
		188D98361D2344F300A90DD7 /* Build configuration list for PBXNativeTarget "LetsTeasing" */ = {
			isa = XCConfigurationList;
			buildConfigurations = (
				188D98371D2344F300A90DD7 /* Debug */,
				188D98381D2344F300A90DD7 /* Release */,
			);
			defaultConfigurationIsVisible = 0;
			defaultConfigurationName = Release;
		};
		188D98391D2344F300A90DD7 /* Build configuration list for PBXNativeTarget "LetsTeasingTests" */ = {
			isa = XCConfigurationList;
			buildConfigurations = (
				188D983A1D2344F300A90DD7 /* Debug */,
				188D983B1D2344F300A90DD7 /* Release */,
			);
			defaultConfigurationIsVisible = 0;
			defaultConfigurationName = Release;
		};
		188D983C1D2344F300A90DD7 /* Build configuration list for PBXNativeTarget "LetsTeasingUITests" */ = {
			isa = XCConfigurationList;
			buildConfigurations = (
				188D983D1D2344F300A90DD7 /* Debug */,
				188D983E1D2344F300A90DD7 /* Release */,
			);
			defaultConfigurationIsVisible = 0;
			defaultConfigurationName = Release;
		};
/* End XCConfigurationList section */

/* Begin XCVersionGroup section */
		188D98151D2344F300A90DD7 /* LetsTeasing.xcdatamodeld */ = {
			isa = XCVersionGroup;
			children = (
				188D98161D2344F300A90DD7 /* LetsTeasing.xcdatamodel */,
			);
			currentVersion = 188D98161D2344F300A90DD7 /* LetsTeasing.xcdatamodel */;
			path = LetsTeasing.xcdatamodeld;
			sourceTree = "<group>";
			versionGroupType = wrapper.xcdatamodel;
		};
/* End XCVersionGroup section */
	};
	rootObject = 188D97FE1D2344F300A90DD7 /* Project object */;
}
